// !$*UTF8*$!
{
	archiveVersion = 1;
	classes = {
	};
	objectVersion = 55;
	objects = {

/* Begin PBXBuildFile section */
		6AFC8121271A831B0031716E /* AppDelegate.swift in Sources */ = {isa = PBXBuildFile; fileRef = 6AFC8120271A831B0031716E /* AppDelegate.swift */; };
		6AFC8123271A831B0031716E /* SceneDelegate.swift in Sources */ = {isa = PBXBuildFile; fileRef = 6AFC8122271A831B0031716E /* SceneDelegate.swift */; };
		6AFC8125271A831B0031716E /* ViewController.swift in Sources */ = {isa = PBXBuildFile; fileRef = 6AFC8124271A831B0031716E /* ViewController.swift */; };
		6AFC8128271A831B0031716E /* Main.storyboard in Resources */ = {isa = PBXBuildFile; fileRef = 6AFC8126271A831B0031716E /* Main.storyboard */; };
		6AFC812A271A831B0031716E /* Assets.xcassets in Resources */ = {isa = PBXBuildFile; fileRef = 6AFC8129271A831B0031716E /* Assets.xcassets */; };
		6AFC812D271A831B0031716E /* LaunchScreen.storyboard in Resources */ = {isa = PBXBuildFile; fileRef = 6AFC812B271A831B0031716E /* LaunchScreen.storyboard */; };
		6AFC8135271A86AC0031716E /* MainViewController.swift in Sources */ = {isa = PBXBuildFile; fileRef = 6AFC8134271A86AC0031716E /* MainViewController.swift */; };
		6AFC8137271A86B60031716E /* SearchViewController.swift in Sources */ = {isa = PBXBuildFile; fileRef = 6AFC8136271A86B60031716E /* SearchViewController.swift */; };
		6AFC8139271A86CC0031716E /* DetailViewController.swift in Sources */ = {isa = PBXBuildFile; fileRef = 6AFC8138271A86CC0031716E /* DetailViewController.swift */; };
		6AFC813B271AA2E70031716E /* TvShowInformation.swift in Sources */ = {isa = PBXBuildFile; fileRef = 6AFC813A271AA2E70031716E /* TvShowInformation.swift */; };
		6AFC813D271AA33D0031716E /* TvShow.swift in Sources */ = {isa = PBXBuildFile; fileRef = 6AFC813C271AA33D0031716E /* TvShow.swift */; };
		6AFC813F271AA6230031716E /* TvShowTableViewCell.swift in Sources */ = {isa = PBXBuildFile; fileRef = 6AFC813E271AA6230031716E /* TvShowTableViewCell.swift */; };
		6AFC8141271AD4600031716E /* SearchTableViewCell.swift in Sources */ = {isa = PBXBuildFile; fileRef = 6AFC8140271AD4600031716E /* SearchTableViewCell.swift */; };
/* End PBXBuildFile section */

/* Begin PBXFileReference section */
		6AFC811D271A831B0031716E /* TrendMediaApp.app */ = {isa = PBXFileReference; explicitFileType = wrapper.application; includeInIndex = 0; path = TrendMediaApp.app; sourceTree = BUILT_PRODUCTS_DIR; };
		6AFC8120271A831B0031716E /* AppDelegate.swift */ = {isa = PBXFileReference; lastKnownFileType = sourcecode.swift; path = AppDelegate.swift; sourceTree = "<group>"; };
		6AFC8122271A831B0031716E /* SceneDelegate.swift */ = {isa = PBXFileReference; lastKnownFileType = sourcecode.swift; path = SceneDelegate.swift; sourceTree = "<group>"; };
		6AFC8124271A831B0031716E /* ViewController.swift */ = {isa = PBXFileReference; lastKnownFileType = sourcecode.swift; path = ViewController.swift; sourceTree = "<group>"; };
		6AFC8127271A831B0031716E /* Base */ = {isa = PBXFileReference; lastKnownFileType = file.storyboard; name = Base; path = Base.lproj/Main.storyboard; sourceTree = "<group>"; };
		6AFC8129271A831B0031716E /* Assets.xcassets */ = {isa = PBXFileReference; lastKnownFileType = folder.assetcatalog; path = Assets.xcassets; sourceTree = "<group>"; };
		6AFC812C271A831B0031716E /* Base */ = {isa = PBXFileReference; lastKnownFileType = file.storyboard; name = Base; path = Base.lproj/LaunchScreen.storyboard; sourceTree = "<group>"; };
		6AFC812E271A831B0031716E /* Info.plist */ = {isa = PBXFileReference; lastKnownFileType = text.plist.xml; path = Info.plist; sourceTree = "<group>"; };
		6AFC8134271A86AC0031716E /* MainViewController.swift */ = {isa = PBXFileReference; lastKnownFileType = sourcecode.swift; path = MainViewController.swift; sourceTree = "<group>"; };
		6AFC8136271A86B60031716E /* SearchViewController.swift */ = {isa = PBXFileReference; lastKnownFileType = sourcecode.swift; path = SearchViewController.swift; sourceTree = "<group>"; };
		6AFC8138271A86CC0031716E /* DetailViewController.swift */ = {isa = PBXFileReference; lastKnownFileType = sourcecode.swift; path = DetailViewController.swift; sourceTree = "<group>"; };
		6AFC813A271AA2E70031716E /* TvShowInformation.swift */ = {isa = PBXFileReference; lastKnownFileType = sourcecode.swift; path = TvShowInformation.swift; sourceTree = "<group>"; };
		6AFC813C271AA33D0031716E /* TvShow.swift */ = {isa = PBXFileReference; lastKnownFileType = sourcecode.swift; path = TvShow.swift; sourceTree = "<group>"; };
		6AFC813E271AA6230031716E /* TvShowTableViewCell.swift */ = {isa = PBXFileReference; lastKnownFileType = sourcecode.swift; path = TvShowTableViewCell.swift; sourceTree = "<group>"; };
		6AFC8140271AD4600031716E /* SearchTableViewCell.swift */ = {isa = PBXFileReference; lastKnownFileType = sourcecode.swift; path = SearchTableViewCell.swift; sourceTree = "<group>"; };
/* End PBXFileReference section */

/* Begin PBXFrameworksBuildPhase section */
		6AFC811A271A831B0031716E /* Frameworks */ = {
			isa = PBXFrameworksBuildPhase;
			buildActionMask = 2147483647;
			files = (
			);
			runOnlyForDeploymentPostprocessing = 0;
		};
/* End PBXFrameworksBuildPhase section */

/* Begin PBXGroup section */
		6AFC8114271A831B0031716E = {
			isa = PBXGroup;
			children = (
				6AFC811F271A831B0031716E /* TrendMediaApp */,
				6AFC811E271A831B0031716E /* Products */,
			);
			sourceTree = "<group>";
		};
		6AFC811E271A831B0031716E /* Products */ = {
			isa = PBXGroup;
			children = (
				6AFC811D271A831B0031716E /* TrendMediaApp.app */,
			);
			name = Products;
			sourceTree = "<group>";
		};
		6AFC811F271A831B0031716E /* TrendMediaApp */ = {
			isa = PBXGroup;
			children = (
				6AFC8120271A831B0031716E /* AppDelegate.swift */,
				6AFC8122271A831B0031716E /* SceneDelegate.swift */,
				6AFC8124271A831B0031716E /* ViewController.swift */,
				6AFC8126271A831B0031716E /* Main.storyboard */,
				6AFC813E271AA6230031716E /* TvShowTableViewCell.swift */,
				6AFC8134271A86AC0031716E /* MainViewController.swift */,
				6AFC813A271AA2E70031716E /* TvShowInformation.swift */,
				6AFC813C271AA33D0031716E /* TvShow.swift */,
				6AFC8136271A86B60031716E /* SearchViewController.swift */,
				6AFC8140271AD4600031716E /* SearchTableViewCell.swift */,
				6AFC8138271A86CC0031716E /* DetailViewController.swift */,
				6AFC8129271A831B0031716E /* Assets.xcassets */,
				6AFC812B271A831B0031716E /* LaunchScreen.storyboard */,
				6AFC812E271A831B0031716E /* Info.plist */,
			);
			path = TrendMediaApp;
			sourceTree = "<group>";
		};
/* End PBXGroup section */

/* Begin PBXNativeTarget section */
		6AFC811C271A831B0031716E /* TrendMediaApp */ = {
			isa = PBXNativeTarget;
			buildConfigurationList = 6AFC8131271A831B0031716E /* Build configuration list for PBXNativeTarget "TrendMediaApp" */;
			buildPhases = (
				6AFC8119271A831B0031716E /* Sources */,
				6AFC811A271A831B0031716E /* Frameworks */,
				6AFC811B271A831B0031716E /* Resources */,
			);
			buildRules = (
			);
			dependencies = (
			);
			name = TrendMediaApp;
			productName = TrendMediaApp;
			productReference = 6AFC811D271A831B0031716E /* TrendMediaApp.app */;
			productType = "com.apple.product-type.application";
		};
/* End PBXNativeTarget section */

/* Begin PBXProject section */
		6AFC8115271A831B0031716E /* Project object */ = {
			isa = PBXProject;
			attributes = {
				BuildIndependentTargetsInParallel = 1;
				LastSwiftUpdateCheck = 1300;
				LastUpgradeCheck = 1300;
				TargetAttributes = {
					6AFC811C271A831B0031716E = {
						CreatedOnToolsVersion = 13.0;
					};
				};
			};
			buildConfigurationList = 6AFC8118271A831B0031716E /* Build configuration list for PBXProject "TrendMediaApp" */;
			compatibilityVersion = "Xcode 13.0";
			developmentRegion = en;
			hasScannedForEncodings = 0;
			knownRegions = (
				en,
				Base,
			);
			mainGroup = 6AFC8114271A831B0031716E;
			productRefGroup = 6AFC811E271A831B0031716E /* Products */;
			projectDirPath = "";
			projectRoot = "";
			targets = (
				6AFC811C271A831B0031716E /* TrendMediaApp */,
			);
		};
/* End PBXProject section */

/* Begin PBXResourcesBuildPhase section */
		6AFC811B271A831B0031716E /* Resources */ = {
			isa = PBXResourcesBuildPhase;
			buildActionMask = 2147483647;
			files = (
				6AFC812D271A831B0031716E /* LaunchScreen.storyboard in Resources */,
				6AFC812A271A831B0031716E /* Assets.xcassets in Resources */,
				6AFC8128271A831B0031716E /* Main.storyboard in Resources */,
			);
			runOnlyForDeploymentPostprocessing = 0;
		};
/* End PBXResourcesBuildPhase section */

/* Begin PBXSourcesBuildPhase section */
		6AFC8119271A831B0031716E /* Sources */ = {
			isa = PBXSourcesBuildPhase;
			buildActionMask = 2147483647;
			files = (
				6AFC813F271AA6230031716E /* TvShowTableViewCell.swift in Sources */,
				6AFC8137271A86B60031716E /* SearchViewController.swift in Sources */,
				6AFC8125271A831B0031716E /* ViewController.swift in Sources */,
				6AFC813D271AA33D0031716E /* TvShow.swift in Sources */,
				6AFC8121271A831B0031716E /* AppDelegate.swift in Sources */,
				6AFC813B271AA2E70031716E /* TvShowInformation.swift in Sources */,
				6AFC8139271A86CC0031716E /* DetailViewController.swift in Sources */,
				6AFC8123271A831B0031716E /* SceneDelegate.swift in Sources */,
				6AFC8135271A86AC0031716E /* MainViewController.swift in Sources */,
				6AFC8141271AD4600031716E /* SearchTableViewCell.swift in Sources */,
			);
			runOnlyForDeploymentPostprocessing = 0;
		};
/* End PBXSourcesBuildPhase section */

/* Begin PBXVariantGroup section */
		6AFC8126271A831B0031716E /* Main.storyboard */ = {
			isa = PBXVariantGroup;
			children = (
				6AFC8127271A831B0031716E /* Base */,
			);
			name = Main.storyboard;
			sourceTree = "<group>";
		};
		6AFC812B271A831B0031716E /* LaunchScreen.storyboard */ = {
			isa = PBXVariantGroup;
			children = (
				6AFC812C271A831B0031716E /* Base */,
			);
			name = LaunchScreen.storyboard;
			sourceTree = "<group>";
		};
/* End PBXVariantGroup section */

/* Begin XCBuildConfiguration section */
		6AFC812F271A831B0031716E /* Debug */ = {
			isa = XCBuildConfiguration;
			buildSettings = {
				ALWAYS_SEARCH_USER_PATHS = NO;
				CLANG_ANALYZER_NONNULL = YES;
				CLANG_ANALYZER_NUMBER_OBJECT_CONVERSION = YES_AGGRESSIVE;
				CLANG_CXX_LANGUAGE_STANDARD = "gnu++17";
				CLANG_CXX_LIBRARY = "libc++";
				CLANG_ENABLE_MODULES = YES;
				CLANG_ENABLE_OBJC_ARC = YES;
				CLANG_ENABLE_OBJC_WEAK = YES;
				CLANG_WARN_BLOCK_CAPTURE_AUTORELEASING = YES;
				CLANG_WARN_BOOL_CONVERSION = YES;
				CLANG_WARN_COMMA = YES;
				CLANG_WARN_CONSTANT_CONVERSION = YES;
				CLANG_WARN_DEPRECATED_OBJC_IMPLEMENTATIONS = YES;
				CLANG_WARN_DIRECT_OBJC_ISA_USAGE = YES_ERROR;
				CLANG_WARN_DOCUMENTATION_COMMENTS = YES;
				CLANG_WARN_EMPTY_BODY = YES;
				CLANG_WARN_ENUM_CONVERSION = YES;
				CLANG_WARN_INFINITE_RECURSION = YES;
				CLANG_WARN_INT_CONVERSION = YES;
				CLANG_WARN_NON_LITERAL_NULL_CONVERSION = YES;
				CLANG_WARN_OBJC_IMPLICIT_RETAIN_SELF = YES;
				CLANG_WARN_OBJC_LITERAL_CONVERSION = YES;
				CLANG_WARN_OBJC_ROOT_CLASS = YES_ERROR;
				CLANG_WARN_QUOTED_INCLUDE_IN_FRAMEWORK_HEADER = YES;
				CLANG_WARN_RANGE_LOOP_ANALYSIS = YES;
				CLANG_WARN_STRICT_PROTOTYPES = YES;
				CLANG_WARN_SUSPICIOUS_MOVE = YES;
				CLANG_WARN_UNGUARDED_AVAILABILITY = YES_AGGRESSIVE;
				CLANG_WARN_UNREACHABLE_CODE = YES;
				CLANG_WARN__DUPLICATE_METHOD_MATCH = YES;
				COPY_PHASE_STRIP = NO;
				DEBUG_INFORMATION_FORMAT = dwarf;
				ENABLE_STRICT_OBJC_MSGSEND = YES;
				ENABLE_TESTABILITY = YES;
				GCC_C_LANGUAGE_STANDARD = gnu11;
				GCC_DYNAMIC_NO_PIC = NO;
				GCC_NO_COMMON_BLOCKS = YES;
				GCC_OPTIMIZATION_LEVEL = 0;
				GCC_PREPROCESSOR_DEFINITIONS = (
					"DEBUG=1",
					"$(inherited)",
				);
				GCC_WARN_64_TO_32_BIT_CONVERSION = YES;
				GCC_WARN_ABOUT_RETURN_TYPE = YES_ERROR;
				GCC_WARN_UNDECLARED_SELECTOR = YES;
				GCC_WARN_UNINITIALIZED_AUTOS = YES_AGGRESSIVE;
				GCC_WARN_UNUSED_FUNCTION = YES;
				GCC_WARN_UNUSED_VARIABLE = YES;
				IPHONEOS_DEPLOYMENT_TARGET = 15.0;
				MTL_ENABLE_DEBUG_INFO = INCLUDE_SOURCE;
				MTL_FAST_MATH = YES;
				ONLY_ACTIVE_ARCH = YES;
				SDKROOT = iphoneos;
				SWIFT_ACTIVE_COMPILATION_CONDITIONS = DEBUG;
				SWIFT_OPTIMIZATION_LEVEL = "-Onone";
			};
			name = Debug;
		};
		6AFC8130271A831B0031716E /* Release */ = {
			isa = XCBuildConfiguration;
			buildSettings = {
				ALWAYS_SEARCH_USER_PATHS = NO;
				CLANG_ANALYZER_NONNULL = YES;
				CLANG_ANALYZER_NUMBER_OBJECT_CONVERSION = YES_AGGRESSIVE;
				CLANG_CXX_LANGUAGE_STANDARD = "gnu++17";
				CLANG_CXX_LIBRARY = "libc++";
				CLANG_ENABLE_MODULES = YES;
				CLANG_ENABLE_OBJC_ARC = YES;
				CLANG_ENABLE_OBJC_WEAK = YES;
				CLANG_WARN_BLOCK_CAPTURE_AUTORELEASING = YES;
				CLANG_WARN_BOOL_CONVERSION = YES;
				CLANG_WARN_COMMA = YES;
				CLANG_WARN_CONSTANT_CONVERSION = YES;
				CLANG_WARN_DEPRECATED_OBJC_IMPLEMENTATIONS = YES;
				CLANG_WARN_DIRECT_OBJC_ISA_USAGE = YES_ERROR;
				CLANG_WARN_DOCUMENTATION_COMMENTS = YES;
				CLANG_WARN_EMPTY_BODY = YES;
				CLANG_WARN_ENUM_CONVERSION = YES;
				CLANG_WARN_INFINITE_RECURSION = YES;
				CLANG_WARN_INT_CONVERSION = YES;
				CLANG_WARN_NON_LITERAL_NULL_CONVERSION = YES;
				CLANG_WARN_OBJC_IMPLICIT_RETAIN_SELF = YES;
				CLANG_WARN_OBJC_LITERAL_CONVERSION = YES;
				CLANG_WARN_OBJC_ROOT_CLASS = YES_ERROR;
				CLANG_WARN_QUOTED_INCLUDE_IN_FRAMEWORK_HEADER = YES;
				CLANG_WARN_RANGE_LOOP_ANALYSIS = YES;
				CLANG_WARN_STRICT_PROTOTYPES = YES;
				CLANG_WARN_SUSPICIOUS_MOVE = YES;
				CLANG_WARN_UNGUARDED_AVAILABILITY = YES_AGGRESSIVE;
				CLANG_WARN_UNREACHABLE_CODE = YES;
				CLANG_WARN__DUPLICATE_METHOD_MATCH = YES;
				COPY_PHASE_STRIP = NO;
				DEBUG_INFORMATION_FORMAT = "dwarf-with-dsym";
				ENABLE_NS_ASSERTIONS = NO;
				ENABLE_STRICT_OBJC_MSGSEND = YES;
				GCC_C_LANGUAGE_STANDARD = gnu11;
				GCC_NO_COMMON_BLOCKS = YES;
				GCC_WARN_64_TO_32_BIT_CONVERSION = YES;
				GCC_WARN_ABOUT_RETURN_TYPE = YES_ERROR;
				GCC_WARN_UNDECLARED_SELECTOR = YES;
				GCC_WARN_UNINITIALIZED_AUTOS = YES_AGGRESSIVE;
				GCC_WARN_UNUSED_FUNCTION = YES;
				GCC_WARN_UNUSED_VARIABLE = YES;
				IPHONEOS_DEPLOYMENT_TARGET = 15.0;
				MTL_ENABLE_DEBUG_INFO = NO;
				MTL_FAST_MATH = YES;
				SDKROOT = iphoneos;
				SWIFT_COMPILATION_MODE = wholemodule;
				SWIFT_OPTIMIZATION_LEVEL = "-O";
				VALIDATE_PRODUCT = YES;
			};
			name = Release;
		};
		6AFC8132271A831B0031716E /* Debug */ = {
			isa = XCBuildConfiguration;
			buildSettings = {
				ASSETCATALOG_COMPILER_APPICON_NAME = AppIcon;
				ASSETCATALOG_COMPILER_GLOBAL_ACCENT_COLOR_NAME = AccentColor;
				CODE_SIGN_STYLE = Automatic;
				CURRENT_PROJECT_VERSION = 1;
				DEVELOPMENT_TEAM = PY3HK5UPTR;
				GENERATE_INFOPLIST_FILE = YES;
				INFOPLIST_FILE = TrendMediaApp/Info.plist;
				INFOPLIST_KEY_UIApplicationSupportsIndirectInputEvents = YES;
				INFOPLIST_KEY_UILaunchStoryboardName = LaunchScreen;
				INFOPLIST_KEY_UIMainStoryboardFile = Main;
				INFOPLIST_KEY_UISupportedInterfaceOrientations_iPad = "UIInterfaceOrientationPortrait UIInterfaceOrientationPortraitUpsideDown UIInterfaceOrientationLandscapeLeft UIInterfaceOrientationLandscapeRight";
				INFOPLIST_KEY_UISupportedInterfaceOrientations_iPhone = "UIInterfaceOrientationPortrait UIInterfaceOrientationLandscapeLeft UIInterfaceOrientationLandscapeRight";
				LD_RUNPATH_SEARCH_PATHS = (
					"$(inherited)",
					"@executable_path/Frameworks",
				);
				MARKETING_VERSION = 1.0;
				PRODUCT_BUNDLE_IDENTIFIER = com.ethan.TrendMediaApp;
				PRODUCT_NAME = "$(TARGET_NAME)";
				SWIFT_EMIT_LOC_STRINGS = YES;
				SWIFT_VERSION = 5.0;
				TARGETED_DEVICE_FAMILY = "1,2";
			};
			name = Debug;
		};
		6AFC8133271A831B0031716E /* Release */ = {
			isa = XCBuildConfiguration;
			buildSettings = {
				ASSETCATALOG_COMPILER_APPICON_NAME = AppIcon;
				ASSETCATALOG_COMPILER_GLOBAL_ACCENT_COLOR_NAME = AccentColor;
				CODE_SIGN_STYLE = Automatic;
				CURRENT_PROJECT_VERSION = 1;
				DEVELOPMENT_TEAM = PY3HK5UPTR;
				GENERATE_INFOPLIST_FILE = YES;
				INFOPLIST_FILE = TrendMediaApp/Info.plist;
				INFOPLIST_KEY_UIApplicationSupportsIndirectInputEvents = YES;
				INFOPLIST_KEY_UILaunchStoryboardName = LaunchScreen;
				INFOPLIST_KEY_UIMainStoryboardFile = Main;
				INFOPLIST_KEY_UISupportedInterfaceOrientations_iPad = "UIInterfaceOrientationPortrait UIInterfaceOrientationPortraitUpsideDown UIInterfaceOrientationLandscapeLeft UIInterfaceOrientationLandscapeRight";
				INFOPLIST_KEY_UISupportedInterfaceOrientations_iPhone = "UIInterfaceOrientationPortrait UIInterfaceOrientationLandscapeLeft UIInterfaceOrientationLandscapeRight";
				LD_RUNPATH_SEARCH_PATHS = (
					"$(inherited)",
					"@executable_path/Frameworks",
				);
				MARKETING_VERSION = 1.0;
				PRODUCT_BUNDLE_IDENTIFIER = com.ethan.TrendMediaApp;
				PRODUCT_NAME = "$(TARGET_NAME)";
				SWIFT_EMIT_LOC_STRINGS = YES;
				SWIFT_VERSION = 5.0;
				TARGETED_DEVICE_FAMILY = "1,2";
			};
			name = Release;
		};
/* End XCBuildConfiguration section */

/* Begin XCConfigurationList section */
		6AFC8118271A831B0031716E /* Build configuration list for PBXProject "TrendMediaApp" */ = {
			isa = XCConfigurationList;
			buildConfigurations = (
				6AFC812F271A831B0031716E /* Debug */,
				6AFC8130271A831B0031716E /* Release */,
			);
			defaultConfigurationIsVisible = 0;
			defaultConfigurationName = Release;
		};
		6AFC8131271A831B0031716E /* Build configuration list for PBXNativeTarget "TrendMediaApp" */ = {
			isa = XCConfigurationList;
			buildConfigurations = (
				6AFC8132271A831B0031716E /* Debug */,
				6AFC8133271A831B0031716E /* Release */,
			);
			defaultConfigurationIsVisible = 0;
			defaultConfigurationName = Release;
		};
/* End XCConfigurationList section */
	};
	rootObject = 6AFC8115271A831B0031716E /* Project object */;
}
