// !$*UTF8*$!
{
	archiveVersion = 1;
	classes = {
	};
	objectVersion = 55;
	objects = {

/* Begin PBXBuildFile section */
		6ABAEA5827809885004BB2C8 /* AppDelegate.swift in Sources */ = {isa = PBXBuildFile; fileRef = 6ABAEA5727809885004BB2C8 /* AppDelegate.swift */; };
		6ABAEA5A27809885004BB2C8 /* SceneDelegate.swift in Sources */ = {isa = PBXBuildFile; fileRef = 6ABAEA5927809885004BB2C8 /* SceneDelegate.swift */; };
		6ABAEA5C27809885004BB2C8 /* MainViewController.swift in Sources */ = {isa = PBXBuildFile; fileRef = 6ABAEA5B27809885004BB2C8 /* MainViewController.swift */; };
		6ABAEA6127809887004BB2C8 /* Assets.xcassets in Resources */ = {isa = PBXBuildFile; fileRef = 6ABAEA6027809887004BB2C8 /* Assets.xcassets */; };
		6ABAEA6427809887004BB2C8 /* LaunchScreen.storyboard in Resources */ = {isa = PBXBuildFile; fileRef = 6ABAEA6227809887004BB2C8 /* LaunchScreen.storyboard */; };
		6ABAEA702780AA22004BB2C8 /* MainView.swift in Sources */ = {isa = PBXBuildFile; fileRef = 6ABAEA6F2780AA22004BB2C8 /* MainView.swift */; };
		6ABAEA7527819D4B004BB2C8 /* SnapKit in Frameworks */ = {isa = PBXBuildFile; productRef = 6ABAEA7427819D4B004BB2C8 /* SnapKit */; };
		6ABAEA792781BAE4004BB2C8 /* SignUpViewController.swift in Sources */ = {isa = PBXBuildFile; fileRef = 6ABAEA782781BAE4004BB2C8 /* SignUpViewController.swift */; };
		6ABAEA7B2781BC36004BB2C8 /* LoginViewController.swift in Sources */ = {isa = PBXBuildFile; fileRef = 6ABAEA7A2781BC36004BB2C8 /* LoginViewController.swift */; };
		6ABAEA7D2781C4D4004BB2C8 /* LoginView.swift in Sources */ = {isa = PBXBuildFile; fileRef = 6ABAEA7C2781C4D4004BB2C8 /* LoginView.swift */; };
		6ABAEA7F2781DFF8004BB2C8 /* SignUpView.swift in Sources */ = {isa = PBXBuildFile; fileRef = 6ABAEA7E2781DFF8004BB2C8 /* SignUpView.swift */; };
		6ABAEA812781ECE2004BB2C8 /* APIService.swift in Sources */ = {isa = PBXBuildFile; fileRef = 6ABAEA802781ECE2004BB2C8 /* APIService.swift */; };
		6ABAEA832781ECEF004BB2C8 /* Observable.swift in Sources */ = {isa = PBXBuildFile; fileRef = 6ABAEA822781ECEF004BB2C8 /* Observable.swift */; };
		6ABAEA852781ED32004BB2C8 /* EndPoint.swift in Sources */ = {isa = PBXBuildFile; fileRef = 6ABAEA842781ED32004BB2C8 /* EndPoint.swift */; };
		6ABAEA872781F539004BB2C8 /* User.swift in Sources */ = {isa = PBXBuildFile; fileRef = 6ABAEA862781F539004BB2C8 /* User.swift */; };
		6ABAEA892781F831004BB2C8 /* LoginViewModel.swift in Sources */ = {isa = PBXBuildFile; fileRef = 6ABAEA882781F831004BB2C8 /* LoginViewModel.swift */; };
		6ABAEA8B2781F83B004BB2C8 /* SignUpViewModel.swift in Sources */ = {isa = PBXBuildFile; fileRef = 6ABAEA8A2781F83B004BB2C8 /* SignUpViewModel.swift */; };
		6ABAEA8D2781FB27004BB2C8 /* MainBoardViewController.swift in Sources */ = {isa = PBXBuildFile; fileRef = 6ABAEA8C2781FB27004BB2C8 /* MainBoardViewController.swift */; };
		6ABAEA8F2782144A004BB2C8 /* Board.swift in Sources */ = {isa = PBXBuildFile; fileRef = 6ABAEA8E2782144A004BB2C8 /* Board.swift */; };
		6ABAEA9127821A94004BB2C8 /* MainBoardViewModel.swift in Sources */ = {isa = PBXBuildFile; fileRef = 6ABAEA9027821A94004BB2C8 /* MainBoardViewModel.swift */; };
		6ABAEA9327821B88004BB2C8 /* MainBoardView.swift in Sources */ = {isa = PBXBuildFile; fileRef = 6ABAEA9227821B88004BB2C8 /* MainBoardView.swift */; };
		6ABAEA9627821EDA004BB2C8 /* MainBoardTableViewCell.swift in Sources */ = {isa = PBXBuildFile; fileRef = 6ABAEA9527821EDA004BB2C8 /* MainBoardTableViewCell.swift */; };
/* End PBXBuildFile section */

/* Begin PBXFileReference section */
		6ABAEA5427809885004BB2C8 /* SeSACFarmApp.app */ = {isa = PBXFileReference; explicitFileType = wrapper.application; includeInIndex = 0; path = SeSACFarmApp.app; sourceTree = BUILT_PRODUCTS_DIR; };
		6ABAEA5727809885004BB2C8 /* AppDelegate.swift */ = {isa = PBXFileReference; lastKnownFileType = sourcecode.swift; path = AppDelegate.swift; sourceTree = "<group>"; };
		6ABAEA5927809885004BB2C8 /* SceneDelegate.swift */ = {isa = PBXFileReference; lastKnownFileType = sourcecode.swift; path = SceneDelegate.swift; sourceTree = "<group>"; };
		6ABAEA5B27809885004BB2C8 /* MainViewController.swift */ = {isa = PBXFileReference; lastKnownFileType = sourcecode.swift; path = MainViewController.swift; sourceTree = "<group>"; };
		6ABAEA6027809887004BB2C8 /* Assets.xcassets */ = {isa = PBXFileReference; lastKnownFileType = folder.assetcatalog; path = Assets.xcassets; sourceTree = "<group>"; };
		6ABAEA6327809887004BB2C8 /* Base */ = {isa = PBXFileReference; lastKnownFileType = file.storyboard; name = Base; path = Base.lproj/LaunchScreen.storyboard; sourceTree = "<group>"; };
		6ABAEA6527809887004BB2C8 /* Info.plist */ = {isa = PBXFileReference; lastKnownFileType = text.plist.xml; path = Info.plist; sourceTree = "<group>"; };
		6ABAEA6F2780AA22004BB2C8 /* MainView.swift */ = {isa = PBXFileReference; lastKnownFileType = sourcecode.swift; path = MainView.swift; sourceTree = "<group>"; };
		6ABAEA782781BAE4004BB2C8 /* SignUpViewController.swift */ = {isa = PBXFileReference; lastKnownFileType = sourcecode.swift; path = SignUpViewController.swift; sourceTree = "<group>"; };
		6ABAEA7A2781BC36004BB2C8 /* LoginViewController.swift */ = {isa = PBXFileReference; lastKnownFileType = sourcecode.swift; path = LoginViewController.swift; sourceTree = "<group>"; };
		6ABAEA7C2781C4D4004BB2C8 /* LoginView.swift */ = {isa = PBXFileReference; lastKnownFileType = sourcecode.swift; path = LoginView.swift; sourceTree = "<group>"; };
		6ABAEA7E2781DFF8004BB2C8 /* SignUpView.swift */ = {isa = PBXFileReference; lastKnownFileType = sourcecode.swift; path = SignUpView.swift; sourceTree = "<group>"; };
		6ABAEA802781ECE2004BB2C8 /* APIService.swift */ = {isa = PBXFileReference; lastKnownFileType = sourcecode.swift; path = APIService.swift; sourceTree = "<group>"; };
		6ABAEA822781ECEF004BB2C8 /* Observable.swift */ = {isa = PBXFileReference; lastKnownFileType = sourcecode.swift; path = Observable.swift; sourceTree = "<group>"; };
		6ABAEA842781ED32004BB2C8 /* EndPoint.swift */ = {isa = PBXFileReference; lastKnownFileType = sourcecode.swift; path = EndPoint.swift; sourceTree = "<group>"; };
		6ABAEA862781F539004BB2C8 /* User.swift */ = {isa = PBXFileReference; lastKnownFileType = sourcecode.swift; path = User.swift; sourceTree = "<group>"; };
		6ABAEA882781F831004BB2C8 /* LoginViewModel.swift */ = {isa = PBXFileReference; lastKnownFileType = sourcecode.swift; path = LoginViewModel.swift; sourceTree = "<group>"; };
		6ABAEA8A2781F83B004BB2C8 /* SignUpViewModel.swift */ = {isa = PBXFileReference; lastKnownFileType = sourcecode.swift; path = SignUpViewModel.swift; sourceTree = "<group>"; };
		6ABAEA8C2781FB27004BB2C8 /* MainBoardViewController.swift */ = {isa = PBXFileReference; lastKnownFileType = sourcecode.swift; path = MainBoardViewController.swift; sourceTree = "<group>"; };
		6ABAEA8E2782144A004BB2C8 /* Board.swift */ = {isa = PBXFileReference; lastKnownFileType = sourcecode.swift; path = Board.swift; sourceTree = "<group>"; };
		6ABAEA9027821A94004BB2C8 /* MainBoardViewModel.swift */ = {isa = PBXFileReference; lastKnownFileType = sourcecode.swift; path = MainBoardViewModel.swift; sourceTree = "<group>"; };
		6ABAEA9227821B88004BB2C8 /* MainBoardView.swift */ = {isa = PBXFileReference; lastKnownFileType = sourcecode.swift; path = MainBoardView.swift; sourceTree = "<group>"; };
		6ABAEA9527821EDA004BB2C8 /* MainBoardTableViewCell.swift */ = {isa = PBXFileReference; lastKnownFileType = sourcecode.swift; path = MainBoardTableViewCell.swift; sourceTree = "<group>"; };
/* End PBXFileReference section */

/* Begin PBXFrameworksBuildPhase section */
		6ABAEA5127809885004BB2C8 /* Frameworks */ = {
			isa = PBXFrameworksBuildPhase;
			buildActionMask = 2147483647;
			files = (
				6ABAEA7527819D4B004BB2C8 /* SnapKit in Frameworks */,
			);
			runOnlyForDeploymentPostprocessing = 0;
		};
/* End PBXFrameworksBuildPhase section */

/* Begin PBXGroup section */
		6ABAEA4B27809885004BB2C8 = {
			isa = PBXGroup;
			children = (
				6ABAEA5627809885004BB2C8 /* SeSACFarmApp */,
				6ABAEA5527809885004BB2C8 /* Products */,
			);
			sourceTree = "<group>";
		};
		6ABAEA5527809885004BB2C8 /* Products */ = {
			isa = PBXGroup;
			children = (
				6ABAEA5427809885004BB2C8 /* SeSACFarmApp.app */,
			);
			name = Products;
			sourceTree = "<group>";
		};
		6ABAEA5627809885004BB2C8 /* SeSACFarmApp */ = {
			isa = PBXGroup;
			children = (
				6ABAEA6E2780A9E4004BB2C8 /* Resources */,
				6ABAEA6D2780A9D6004BB2C8 /* Model */,
				6ABAEA6C2780A9D1004BB2C8 /* View */,
				6ABAEA6B278098E6004BB2C8 /* ViewModel */,
				6ABAEA6527809887004BB2C8 /* Info.plist */,
			);
			path = SeSACFarmApp;
			sourceTree = "<group>";
		};
		6ABAEA6B278098E6004BB2C8 /* ViewModel */ = {
			isa = PBXGroup;
			children = (
				6ABAEA882781F831004BB2C8 /* LoginViewModel.swift */,
				6ABAEA8A2781F83B004BB2C8 /* SignUpViewModel.swift */,
				6ABAEA9027821A94004BB2C8 /* MainBoardViewModel.swift */,
			);
			path = ViewModel;
			sourceTree = "<group>";
		};
		6ABAEA6C2780A9D1004BB2C8 /* View */ = {
			isa = PBXGroup;
			children = (
				6ABAEA9427821EBC004BB2C8 /* Cell */,
				6ABAEA772781B084004BB2C8 /* Views */,
				6ABAEA762781B07C004BB2C8 /* Cotrollers */,
			);
			path = View;
			sourceTree = "<group>";
		};
		6ABAEA6D2780A9D6004BB2C8 /* Model */ = {
			isa = PBXGroup;
			children = (
				6ABAEA802781ECE2004BB2C8 /* APIService.swift */,
				6ABAEA822781ECEF004BB2C8 /* Observable.swift */,
				6ABAEA842781ED32004BB2C8 /* EndPoint.swift */,
				6ABAEA862781F539004BB2C8 /* User.swift */,
				6ABAEA8E2782144A004BB2C8 /* Board.swift */,
			);
			path = Model;
			sourceTree = "<group>";
		};
		6ABAEA6E2780A9E4004BB2C8 /* Resources */ = {
			isa = PBXGroup;
			children = (
				6ABAEA5727809885004BB2C8 /* AppDelegate.swift */,
				6ABAEA5927809885004BB2C8 /* SceneDelegate.swift */,
				6ABAEA6027809887004BB2C8 /* Assets.xcassets */,
				6ABAEA6227809887004BB2C8 /* LaunchScreen.storyboard */,
			);
			path = Resources;
			sourceTree = "<group>";
		};
		6ABAEA762781B07C004BB2C8 /* Cotrollers */ = {
			isa = PBXGroup;
			children = (
				6ABAEA5B27809885004BB2C8 /* MainViewController.swift */,
				6ABAEA782781BAE4004BB2C8 /* SignUpViewController.swift */,
				6ABAEA7A2781BC36004BB2C8 /* LoginViewController.swift */,
				6ABAEA8C2781FB27004BB2C8 /* MainBoardViewController.swift */,
			);
			path = Cotrollers;
			sourceTree = "<group>";
		};
		6ABAEA772781B084004BB2C8 /* Views */ = {
			isa = PBXGroup;
			children = (
				6ABAEA6F2780AA22004BB2C8 /* MainView.swift */,
				6ABAEA7C2781C4D4004BB2C8 /* LoginView.swift */,
				6ABAEA7E2781DFF8004BB2C8 /* SignUpView.swift */,
				6ABAEA9227821B88004BB2C8 /* MainBoardView.swift */,
			);
			path = Views;
			sourceTree = "<group>";
		};
		6ABAEA9427821EBC004BB2C8 /* Cell */ = {
			isa = PBXGroup;
			children = (
				6ABAEA9527821EDA004BB2C8 /* MainBoardTableViewCell.swift */,
			);
			path = Cell;
			sourceTree = "<group>";
		};
/* End PBXGroup section */

/* Begin PBXNativeTarget section */
		6ABAEA5327809885004BB2C8 /* SeSACFarmApp */ = {
			isa = PBXNativeTarget;
			buildConfigurationList = 6ABAEA6827809887004BB2C8 /* Build configuration list for PBXNativeTarget "SeSACFarmApp" */;
			buildPhases = (
				6ABAEA5027809885004BB2C8 /* Sources */,
				6ABAEA5127809885004BB2C8 /* Frameworks */,
				6ABAEA5227809885004BB2C8 /* Resources */,
			);
			buildRules = (
			);
			dependencies = (
			);
			name = SeSACFarmApp;
			packageProductDependencies = (
				6ABAEA7427819D4B004BB2C8 /* SnapKit */,
			);
			productName = SeSACFarmApp;
			productReference = 6ABAEA5427809885004BB2C8 /* SeSACFarmApp.app */;
			productType = "com.apple.product-type.application";
		};
/* End PBXNativeTarget section */

/* Begin PBXProject section */
		6ABAEA4C27809885004BB2C8 /* Project object */ = {
			isa = PBXProject;
			attributes = {
				BuildIndependentTargetsInParallel = 1;
				LastSwiftUpdateCheck = 1300;
				LastUpgradeCheck = 1300;
				TargetAttributes = {
					6ABAEA5327809885004BB2C8 = {
						CreatedOnToolsVersion = 13.0;
					};
				};
			};
			buildConfigurationList = 6ABAEA4F27809885004BB2C8 /* Build configuration list for PBXProject "SeSACFarmApp" */;
			compatibilityVersion = "Xcode 13.0";
			developmentRegion = en;
			hasScannedForEncodings = 0;
			knownRegions = (
				en,
				Base,
			);
			mainGroup = 6ABAEA4B27809885004BB2C8;
			packageReferences = (
				6ABAEA7327819D4B004BB2C8 /* XCRemoteSwiftPackageReference "SnapKit" */,
			);
			productRefGroup = 6ABAEA5527809885004BB2C8 /* Products */;
			projectDirPath = "";
			projectRoot = "";
			targets = (
				6ABAEA5327809885004BB2C8 /* SeSACFarmApp */,
			);
		};
/* End PBXProject section */

/* Begin PBXResourcesBuildPhase section */
		6ABAEA5227809885004BB2C8 /* Resources */ = {
			isa = PBXResourcesBuildPhase;
			buildActionMask = 2147483647;
			files = (
				6ABAEA6427809887004BB2C8 /* LaunchScreen.storyboard in Resources */,
				6ABAEA6127809887004BB2C8 /* Assets.xcassets in Resources */,
			);
			runOnlyForDeploymentPostprocessing = 0;
		};
/* End PBXResourcesBuildPhase section */

/* Begin PBXSourcesBuildPhase section */
		6ABAEA5027809885004BB2C8 /* Sources */ = {
			isa = PBXSourcesBuildPhase;
			buildActionMask = 2147483647;
			files = (
				6ABAEA872781F539004BB2C8 /* User.swift in Sources */,
				6ABAEA8D2781FB27004BB2C8 /* MainBoardViewController.swift in Sources */,
				6ABAEA9627821EDA004BB2C8 /* MainBoardTableViewCell.swift in Sources */,
				6ABAEA9127821A94004BB2C8 /* MainBoardViewModel.swift in Sources */,
				6ABAEA832781ECEF004BB2C8 /* Observable.swift in Sources */,
				6ABAEA7B2781BC36004BB2C8 /* LoginViewController.swift in Sources */,
				6ABAEA8F2782144A004BB2C8 /* Board.swift in Sources */,
				6ABAEA9327821B88004BB2C8 /* MainBoardView.swift in Sources */,
				6ABAEA792781BAE4004BB2C8 /* SignUpViewController.swift in Sources */,
				6ABAEA5C27809885004BB2C8 /* MainViewController.swift in Sources */,
				6ABAEA892781F831004BB2C8 /* LoginViewModel.swift in Sources */,
				6ABAEA8B2781F83B004BB2C8 /* SignUpViewModel.swift in Sources */,
				6ABAEA702780AA22004BB2C8 /* MainView.swift in Sources */,
				6ABAEA852781ED32004BB2C8 /* EndPoint.swift in Sources */,
				6ABAEA5827809885004BB2C8 /* AppDelegate.swift in Sources */,
				6ABAEA812781ECE2004BB2C8 /* APIService.swift in Sources */,
				6ABAEA7D2781C4D4004BB2C8 /* LoginView.swift in Sources */,
				6ABAEA7F2781DFF8004BB2C8 /* SignUpView.swift in Sources */,
				6ABAEA5A27809885004BB2C8 /* SceneDelegate.swift in Sources */,
			);
			runOnlyForDeploymentPostprocessing = 0;
		};
/* End PBXSourcesBuildPhase section */

/* Begin PBXVariantGroup section */
		6ABAEA6227809887004BB2C8 /* LaunchScreen.storyboard */ = {
			isa = PBXVariantGroup;
			children = (
				6ABAEA6327809887004BB2C8 /* Base */,
			);
			name = LaunchScreen.storyboard;
			sourceTree = "<group>";
		};
/* End PBXVariantGroup section */

/* Begin XCBuildConfiguration section */
		6ABAEA6627809887004BB2C8 /* Debug */ = {
			isa = XCBuildConfiguration;
			buildSettings = {
				ALWAYS_SEARCH_USER_PATHS = NO;
				CLANG_ANALYZER_NONNULL = YES;
				CLANG_ANALYZER_NUMBER_OBJECT_CONVERSION = YES_AGGRESSIVE;
				CLANG_CXX_LANGUAGE_STANDARD = "gnu++17";
				CLANG_CXX_LIBRARY = "libc++";
				CLANG_ENABLE_MODULES = YES;
				CLANG_ENABLE_OBJC_ARC = YES;
				CLANG_ENABLE_OBJC_WEAK = YES;
				CLANG_WARN_BLOCK_CAPTURE_AUTORELEASING = YES;
				CLANG_WARN_BOOL_CONVERSION = YES;
				CLANG_WARN_COMMA = YES;
				CLANG_WARN_CONSTANT_CONVERSION = YES;
				CLANG_WARN_DEPRECATED_OBJC_IMPLEMENTATIONS = YES;
				CLANG_WARN_DIRECT_OBJC_ISA_USAGE = YES_ERROR;
				CLANG_WARN_DOCUMENTATION_COMMENTS = YES;
				CLANG_WARN_EMPTY_BODY = YES;
				CLANG_WARN_ENUM_CONVERSION = YES;
				CLANG_WARN_INFINITE_RECURSION = YES;
				CLANG_WARN_INT_CONVERSION = YES;
				CLANG_WARN_NON_LITERAL_NULL_CONVERSION = YES;
				CLANG_WARN_OBJC_IMPLICIT_RETAIN_SELF = YES;
				CLANG_WARN_OBJC_LITERAL_CONVERSION = YES;
				CLANG_WARN_OBJC_ROOT_CLASS = YES_ERROR;
				CLANG_WARN_QUOTED_INCLUDE_IN_FRAMEWORK_HEADER = YES;
				CLANG_WARN_RANGE_LOOP_ANALYSIS = YES;
				CLANG_WARN_STRICT_PROTOTYPES = YES;
				CLANG_WARN_SUSPICIOUS_MOVE = YES;
				CLANG_WARN_UNGUARDED_AVAILABILITY = YES_AGGRESSIVE;
				CLANG_WARN_UNREACHABLE_CODE = YES;
				CLANG_WARN__DUPLICATE_METHOD_MATCH = YES;
				COPY_PHASE_STRIP = NO;
				DEBUG_INFORMATION_FORMAT = dwarf;
				ENABLE_STRICT_OBJC_MSGSEND = YES;
				ENABLE_TESTABILITY = YES;
				GCC_C_LANGUAGE_STANDARD = gnu11;
				GCC_DYNAMIC_NO_PIC = NO;
				GCC_NO_COMMON_BLOCKS = YES;
				GCC_OPTIMIZATION_LEVEL = 0;
				GCC_PREPROCESSOR_DEFINITIONS = (
					"DEBUG=1",
					"$(inherited)",
				);
				GCC_WARN_64_TO_32_BIT_CONVERSION = YES;
				GCC_WARN_ABOUT_RETURN_TYPE = YES_ERROR;
				GCC_WARN_UNDECLARED_SELECTOR = YES;
				GCC_WARN_UNINITIALIZED_AUTOS = YES_AGGRESSIVE;
				GCC_WARN_UNUSED_FUNCTION = YES;
				GCC_WARN_UNUSED_VARIABLE = YES;
				IPHONEOS_DEPLOYMENT_TARGET = 15.0;
				MTL_ENABLE_DEBUG_INFO = INCLUDE_SOURCE;
				MTL_FAST_MATH = YES;
				ONLY_ACTIVE_ARCH = YES;
				SDKROOT = iphoneos;
				SWIFT_ACTIVE_COMPILATION_CONDITIONS = DEBUG;
				SWIFT_OPTIMIZATION_LEVEL = "-Onone";
			};
			name = Debug;
		};
		6ABAEA6727809887004BB2C8 /* Release */ = {
			isa = XCBuildConfiguration;
			buildSettings = {
				ALWAYS_SEARCH_USER_PATHS = NO;
				CLANG_ANALYZER_NONNULL = YES;
				CLANG_ANALYZER_NUMBER_OBJECT_CONVERSION = YES_AGGRESSIVE;
				CLANG_CXX_LANGUAGE_STANDARD = "gnu++17";
				CLANG_CXX_LIBRARY = "libc++";
				CLANG_ENABLE_MODULES = YES;
				CLANG_ENABLE_OBJC_ARC = YES;
				CLANG_ENABLE_OBJC_WEAK = YES;
				CLANG_WARN_BLOCK_CAPTURE_AUTORELEASING = YES;
				CLANG_WARN_BOOL_CONVERSION = YES;
				CLANG_WARN_COMMA = YES;
				CLANG_WARN_CONSTANT_CONVERSION = YES;
				CLANG_WARN_DEPRECATED_OBJC_IMPLEMENTATIONS = YES;
				CLANG_WARN_DIRECT_OBJC_ISA_USAGE = YES_ERROR;
				CLANG_WARN_DOCUMENTATION_COMMENTS = YES;
				CLANG_WARN_EMPTY_BODY = YES;
				CLANG_WARN_ENUM_CONVERSION = YES;
				CLANG_WARN_INFINITE_RECURSION = YES;
				CLANG_WARN_INT_CONVERSION = YES;
				CLANG_WARN_NON_LITERAL_NULL_CONVERSION = YES;
				CLANG_WARN_OBJC_IMPLICIT_RETAIN_SELF = YES;
				CLANG_WARN_OBJC_LITERAL_CONVERSION = YES;
				CLANG_WARN_OBJC_ROOT_CLASS = YES_ERROR;
				CLANG_WARN_QUOTED_INCLUDE_IN_FRAMEWORK_HEADER = YES;
				CLANG_WARN_RANGE_LOOP_ANALYSIS = YES;
				CLANG_WARN_STRICT_PROTOTYPES = YES;
				CLANG_WARN_SUSPICIOUS_MOVE = YES;
				CLANG_WARN_UNGUARDED_AVAILABILITY = YES_AGGRESSIVE;
				CLANG_WARN_UNREACHABLE_CODE = YES;
				CLANG_WARN__DUPLICATE_METHOD_MATCH = YES;
				COPY_PHASE_STRIP = NO;
				DEBUG_INFORMATION_FORMAT = "dwarf-with-dsym";
				ENABLE_NS_ASSERTIONS = NO;
				ENABLE_STRICT_OBJC_MSGSEND = YES;
				GCC_C_LANGUAGE_STANDARD = gnu11;
				GCC_NO_COMMON_BLOCKS = YES;
				GCC_WARN_64_TO_32_BIT_CONVERSION = YES;
				GCC_WARN_ABOUT_RETURN_TYPE = YES_ERROR;
				GCC_WARN_UNDECLARED_SELECTOR = YES;
				GCC_WARN_UNINITIALIZED_AUTOS = YES_AGGRESSIVE;
				GCC_WARN_UNUSED_FUNCTION = YES;
				GCC_WARN_UNUSED_VARIABLE = YES;
				IPHONEOS_DEPLOYMENT_TARGET = 15.0;
				MTL_ENABLE_DEBUG_INFO = NO;
				MTL_FAST_MATH = YES;
				SDKROOT = iphoneos;
				SWIFT_COMPILATION_MODE = wholemodule;
				SWIFT_OPTIMIZATION_LEVEL = "-O";
				VALIDATE_PRODUCT = YES;
			};
			name = Release;
		};
		6ABAEA6927809887004BB2C8 /* Debug */ = {
			isa = XCBuildConfiguration;
			buildSettings = {
				ASSETCATALOG_COMPILER_APPICON_NAME = AppIcon;
				ASSETCATALOG_COMPILER_GLOBAL_ACCENT_COLOR_NAME = AccentColor;
				CODE_SIGN_STYLE = Automatic;
				CURRENT_PROJECT_VERSION = 1;
				DEVELOPMENT_TEAM = PY3HK5UPTR;
				GENERATE_INFOPLIST_FILE = YES;
				INFOPLIST_FILE = SeSACFarmApp/Info.plist;
				INFOPLIST_KEY_UIApplicationSupportsIndirectInputEvents = YES;
				INFOPLIST_KEY_UILaunchStoryboardName = LaunchScreen;
				INFOPLIST_KEY_UIMainStoryboardFile = LaunchScreen;
				INFOPLIST_KEY_UISupportedInterfaceOrientations_iPad = "UIInterfaceOrientationPortrait UIInterfaceOrientationPortraitUpsideDown UIInterfaceOrientationLandscapeLeft UIInterfaceOrientationLandscapeRight";
				INFOPLIST_KEY_UISupportedInterfaceOrientations_iPhone = "UIInterfaceOrientationPortrait UIInterfaceOrientationLandscapeLeft UIInterfaceOrientationLandscapeRight";
				LD_RUNPATH_SEARCH_PATHS = (
					"$(inherited)",
					"@executable_path/Frameworks",
				);
				MARKETING_VERSION = 1.0;
				PRODUCT_BUNDLE_IDENTIFIER = com.ethan.SeSACFarmApp;
				PRODUCT_NAME = "$(TARGET_NAME)";
				SWIFT_EMIT_LOC_STRINGS = YES;
				SWIFT_VERSION = 5.0;
				TARGETED_DEVICE_FAMILY = "1,2";
			};
			name = Debug;
		};
		6ABAEA6A27809887004BB2C8 /* Release */ = {
			isa = XCBuildConfiguration;
			buildSettings = {
				ASSETCATALOG_COMPILER_APPICON_NAME = AppIcon;
				ASSETCATALOG_COMPILER_GLOBAL_ACCENT_COLOR_NAME = AccentColor;
				CODE_SIGN_STYLE = Automatic;
				CURRENT_PROJECT_VERSION = 1;
				DEVELOPMENT_TEAM = PY3HK5UPTR;
				GENERATE_INFOPLIST_FILE = YES;
				INFOPLIST_FILE = SeSACFarmApp/Info.plist;
				INFOPLIST_KEY_UIApplicationSupportsIndirectInputEvents = YES;
				INFOPLIST_KEY_UILaunchStoryboardName = LaunchScreen;
				INFOPLIST_KEY_UIMainStoryboardFile = LaunchScreen;
				INFOPLIST_KEY_UISupportedInterfaceOrientations_iPad = "UIInterfaceOrientationPortrait UIInterfaceOrientationPortraitUpsideDown UIInterfaceOrientationLandscapeLeft UIInterfaceOrientationLandscapeRight";
				INFOPLIST_KEY_UISupportedInterfaceOrientations_iPhone = "UIInterfaceOrientationPortrait UIInterfaceOrientationLandscapeLeft UIInterfaceOrientationLandscapeRight";
				LD_RUNPATH_SEARCH_PATHS = (
					"$(inherited)",
					"@executable_path/Frameworks",
				);
				MARKETING_VERSION = 1.0;
				PRODUCT_BUNDLE_IDENTIFIER = com.ethan.SeSACFarmApp;
				PRODUCT_NAME = "$(TARGET_NAME)";
				SWIFT_EMIT_LOC_STRINGS = YES;
				SWIFT_VERSION = 5.0;
				TARGETED_DEVICE_FAMILY = "1,2";
			};
			name = Release;
		};
/* End XCBuildConfiguration section */

/* Begin XCConfigurationList section */
		6ABAEA4F27809885004BB2C8 /* Build configuration list for PBXProject "SeSACFarmApp" */ = {
			isa = XCConfigurationList;
			buildConfigurations = (
				6ABAEA6627809887004BB2C8 /* Debug */,
				6ABAEA6727809887004BB2C8 /* Release */,
			);
			defaultConfigurationIsVisible = 0;
			defaultConfigurationName = Release;
		};
		6ABAEA6827809887004BB2C8 /* Build configuration list for PBXNativeTarget "SeSACFarmApp" */ = {
			isa = XCConfigurationList;
			buildConfigurations = (
				6ABAEA6927809887004BB2C8 /* Debug */,
				6ABAEA6A27809887004BB2C8 /* Release */,
			);
			defaultConfigurationIsVisible = 0;
			defaultConfigurationName = Release;
		};
/* End XCConfigurationList section */

/* Begin XCRemoteSwiftPackageReference section */
		6ABAEA7327819D4B004BB2C8 /* XCRemoteSwiftPackageReference "SnapKit" */ = {
			isa = XCRemoteSwiftPackageReference;
			repositoryURL = "https://github.com/SnapKit/SnapKit.git";
			requirement = {
				kind = upToNextMajorVersion;
				minimumVersion = 5.0.0;
			};
		};
/* End XCRemoteSwiftPackageReference section */

/* Begin XCSwiftPackageProductDependency section */
		6ABAEA7427819D4B004BB2C8 /* SnapKit */ = {
			isa = XCSwiftPackageProductDependency;
			package = 6ABAEA7327819D4B004BB2C8 /* XCRemoteSwiftPackageReference "SnapKit" */;
			productName = SnapKit;
		};
/* End XCSwiftPackageProductDependency section */
	};
	rootObject = 6ABAEA4C27809885004BB2C8 /* Project object */;
}
