// !$*UTF8*$!
{
	archiveVersion = 1;
	classes = {
	};
	objectVersion = 55;
	objects = {

/* Begin PBXBuildFile section */
		6A81AE7F27302A5600A4B673 /* AppDelegate.swift in Sources */ = {isa = PBXBuildFile; fileRef = 6A81AE7E27302A5600A4B673 /* AppDelegate.swift */; };
		6A81AE8127302A5600A4B673 /* SceneDelegate.swift in Sources */ = {isa = PBXBuildFile; fileRef = 6A81AE8027302A5600A4B673 /* SceneDelegate.swift */; };
		6A81AE8327302A5600A4B673 /* HomeViewController.swift in Sources */ = {isa = PBXBuildFile; fileRef = 6A81AE8227302A5600A4B673 /* HomeViewController.swift */; };
		6A81AE8627302A5600A4B673 /* Main.storyboard in Resources */ = {isa = PBXBuildFile; fileRef = 6A81AE8427302A5600A4B673 /* Main.storyboard */; };
		6A81AE8827302A5700A4B673 /* Assets.xcassets in Resources */ = {isa = PBXBuildFile; fileRef = 6A81AE8727302A5700A4B673 /* Assets.xcassets */; };
		6A81AE8B27302A5700A4B673 /* LaunchScreen.storyboard in Resources */ = {isa = PBXBuildFile; fileRef = 6A81AE8927302A5700A4B673 /* LaunchScreen.storyboard */; };
		6A81AE9327303DE300A4B673 /* SearchViewController.swift in Sources */ = {isa = PBXBuildFile; fileRef = 6A81AE9227303DE300A4B673 /* SearchViewController.swift */; };
		6A81AE992730414D00A4B673 /* Localizable.strings in Resources */ = {isa = PBXBuildFile; fileRef = 6A81AE9B2730414D00A4B673 /* Localizable.strings */; };
		6A81AEA0273041DA00A4B673 /* LocalizableStrings.swift in Sources */ = {isa = PBXBuildFile; fileRef = 6A81AE9F273041DA00A4B673 /* LocalizableStrings.swift */; };
		6A81AEA3273042D900A4B673 /* String+Extension.swift in Sources */ = {isa = PBXBuildFile; fileRef = 6A81AEA2273042D900A4B673 /* String+Extension.swift */; };
		6A81AEA5273051D000A4B673 /* AddViewController.swift in Sources */ = {isa = PBXBuildFile; fileRef = 6A81AEA4273051D000A4B673 /* AddViewController.swift */; };
		6A81AEAA2730540300A4B673 /* Content.storyboard in Resources */ = {isa = PBXBuildFile; fileRef = 6A81AEA92730540300A4B673 /* Content.storyboard */; };
		6A81AEAC2730541100A4B673 /* Home.storyboard in Resources */ = {isa = PBXBuildFile; fileRef = 6A81AEAB2730541100A4B673 /* Home.storyboard */; };
		6A81AEAE2730541800A4B673 /* Calendar.storyboard in Resources */ = {isa = PBXBuildFile; fileRef = 6A81AEAD2730541800A4B673 /* Calendar.storyboard */; };
		6A81AEB02730541E00A4B673 /* Search.storyboard in Resources */ = {isa = PBXBuildFile; fileRef = 6A81AEAF2730541E00A4B673 /* Search.storyboard */; };
		6A81AEB22730542400A4B673 /* Setting.storyboard in Resources */ = {isa = PBXBuildFile; fileRef = 6A81AEB12730542400A4B673 /* Setting.storyboard */; };
		6A81AEB42730BB9600A4B673 /* SearchTableViewCell.swift in Sources */ = {isa = PBXBuildFile; fileRef = 6A81AEB32730BB9600A4B673 /* SearchTableViewCell.swift */; };
		6A81AEB72730C8D900A4B673 /* Realm in Frameworks */ = {isa = PBXBuildFile; productRef = 6A81AEB62730C8D900A4B673 /* Realm */; };
		6A81AEB92730C8D900A4B673 /* RealmSwift in Frameworks */ = {isa = PBXBuildFile; productRef = 6A81AEB82730C8D900A4B673 /* RealmSwift */; };
		6A81AEBC2730C97500A4B673 /* RealmModel.swift in Sources */ = {isa = PBXBuildFile; fileRef = 6A81AEBB2730C97500A4B673 /* RealmModel.swift */; };
		6A81AEFA273368D500A4B673 /* SettingViewController.swift in Sources */ = {isa = PBXBuildFile; fileRef = 6A81AEF9273368D500A4B673 /* SettingViewController.swift */; };
		6A81AEFD27336DB800A4B673 /* Zip in Frameworks */ = {isa = PBXBuildFile; productRef = 6A81AEFC27336DB800A4B673 /* Zip */; };
		6A81AF002734AD8200A4B673 /* FSCalendar in Frameworks */ = {isa = PBXBuildFile; productRef = 6A81AEFF2734AD8200A4B673 /* FSCalendar */; };
/* End PBXBuildFile section */

/* Begin PBXFileReference section */
		6A81AE7B27302A5600A4B673 /* 06Week_Study.app */ = {isa = PBXFileReference; explicitFileType = wrapper.application; includeInIndex = 0; path = 06Week_Study.app; sourceTree = BUILT_PRODUCTS_DIR; };
		6A81AE7E27302A5600A4B673 /* AppDelegate.swift */ = {isa = PBXFileReference; lastKnownFileType = sourcecode.swift; path = AppDelegate.swift; sourceTree = "<group>"; };
		6A81AE8027302A5600A4B673 /* SceneDelegate.swift */ = {isa = PBXFileReference; lastKnownFileType = sourcecode.swift; path = SceneDelegate.swift; sourceTree = "<group>"; };
		6A81AE8227302A5600A4B673 /* HomeViewController.swift */ = {isa = PBXFileReference; lastKnownFileType = sourcecode.swift; path = HomeViewController.swift; sourceTree = "<group>"; };
		6A81AE8527302A5600A4B673 /* Base */ = {isa = PBXFileReference; lastKnownFileType = file.storyboard; name = Base; path = Base.lproj/Main.storyboard; sourceTree = "<group>"; };
		6A81AE8727302A5700A4B673 /* Assets.xcassets */ = {isa = PBXFileReference; lastKnownFileType = folder.assetcatalog; path = Assets.xcassets; sourceTree = "<group>"; };
		6A81AE8A27302A5700A4B673 /* Base */ = {isa = PBXFileReference; lastKnownFileType = file.storyboard; name = Base; path = Base.lproj/LaunchScreen.storyboard; sourceTree = "<group>"; };
		6A81AE8C27302A5700A4B673 /* Info.plist */ = {isa = PBXFileReference; lastKnownFileType = text.plist.xml; path = Info.plist; sourceTree = "<group>"; };
		6A81AE9227303DE300A4B673 /* SearchViewController.swift */ = {isa = PBXFileReference; lastKnownFileType = sourcecode.swift; path = SearchViewController.swift; sourceTree = "<group>"; };
		6A81AE9A2730414D00A4B673 /* en */ = {isa = PBXFileReference; lastKnownFileType = text.plist.strings; name = en; path = en.lproj/Localizable.strings; sourceTree = "<group>"; };
		6A81AE9C273041AC00A4B673 /* ko */ = {isa = PBXFileReference; lastKnownFileType = text.plist.strings; name = ko; path = ko.lproj/Main.strings; sourceTree = "<group>"; };
		6A81AE9D273041AC00A4B673 /* ko */ = {isa = PBXFileReference; lastKnownFileType = text.plist.strings; name = ko; path = ko.lproj/LaunchScreen.strings; sourceTree = "<group>"; };
		6A81AE9E273041AC00A4B673 /* ko */ = {isa = PBXFileReference; lastKnownFileType = text.plist.strings; name = ko; path = ko.lproj/Localizable.strings; sourceTree = "<group>"; };
		6A81AE9F273041DA00A4B673 /* LocalizableStrings.swift */ = {isa = PBXFileReference; lastKnownFileType = sourcecode.swift; path = LocalizableStrings.swift; sourceTree = "<group>"; };
		6A81AEA2273042D900A4B673 /* String+Extension.swift */ = {isa = PBXFileReference; lastKnownFileType = sourcecode.swift; path = "String+Extension.swift"; sourceTree = "<group>"; };
		6A81AEA4273051D000A4B673 /* AddViewController.swift */ = {isa = PBXFileReference; lastKnownFileType = sourcecode.swift; path = AddViewController.swift; sourceTree = "<group>"; };
		6A81AEA92730540300A4B673 /* Content.storyboard */ = {isa = PBXFileReference; lastKnownFileType = file.storyboard; path = Content.storyboard; sourceTree = "<group>"; };
		6A81AEAB2730541100A4B673 /* Home.storyboard */ = {isa = PBXFileReference; lastKnownFileType = file.storyboard; path = Home.storyboard; sourceTree = "<group>"; };
		6A81AEAD2730541800A4B673 /* Calendar.storyboard */ = {isa = PBXFileReference; lastKnownFileType = file.storyboard; path = Calendar.storyboard; sourceTree = "<group>"; };
		6A81AEAF2730541E00A4B673 /* Search.storyboard */ = {isa = PBXFileReference; lastKnownFileType = file.storyboard; path = Search.storyboard; sourceTree = "<group>"; };
		6A81AEB12730542400A4B673 /* Setting.storyboard */ = {isa = PBXFileReference; lastKnownFileType = file.storyboard; path = Setting.storyboard; sourceTree = "<group>"; };
		6A81AEB32730BB9600A4B673 /* SearchTableViewCell.swift */ = {isa = PBXFileReference; lastKnownFileType = sourcecode.swift; path = SearchTableViewCell.swift; sourceTree = "<group>"; };
		6A81AEBB2730C97500A4B673 /* RealmModel.swift */ = {isa = PBXFileReference; lastKnownFileType = sourcecode.swift; path = RealmModel.swift; sourceTree = "<group>"; };
		6A81AEF9273368D500A4B673 /* SettingViewController.swift */ = {isa = PBXFileReference; lastKnownFileType = sourcecode.swift; path = SettingViewController.swift; sourceTree = "<group>"; };
/* End PBXFileReference section */

/* Begin PBXFrameworksBuildPhase section */
		6A81AE7827302A5500A4B673 /* Frameworks */ = {
			isa = PBXFrameworksBuildPhase;
			buildActionMask = 2147483647;
			files = (
				6A81AEFD27336DB800A4B673 /* Zip in Frameworks */,
				6A81AF002734AD8200A4B673 /* FSCalendar in Frameworks */,
				6A81AEB92730C8D900A4B673 /* RealmSwift in Frameworks */,
				6A81AEB72730C8D900A4B673 /* Realm in Frameworks */,
			);
			runOnlyForDeploymentPostprocessing = 0;
		};
/* End PBXFrameworksBuildPhase section */

/* Begin PBXGroup section */
		6A81AE7227302A5500A4B673 = {
			isa = PBXGroup;
			children = (
				6A81AE7D27302A5600A4B673 /* 06Week_Study */,
				6A81AE7C27302A5600A4B673 /* Products */,
			);
			sourceTree = "<group>";
		};
		6A81AE7C27302A5600A4B673 /* Products */ = {
			isa = PBXGroup;
			children = (
				6A81AE7B27302A5600A4B673 /* 06Week_Study.app */,
			);
			name = Products;
			sourceTree = "<group>";
		};
		6A81AE7D27302A5600A4B673 /* 06Week_Study */ = {
			isa = PBXGroup;
			children = (
				6A81AEBA2730C95600A4B673 /* Realm */,
				6A81AEA6273053DD00A4B673 /* Storyboard */,
				6A81AEA1273042CA00A4B673 /* Extension */,
				6A81AE942730410C00A4B673 /* Localization */,
				6A81AE8427302A5600A4B673 /* Main.storyboard */,
				6A81AE7E27302A5600A4B673 /* AppDelegate.swift */,
				6A81AE8027302A5600A4B673 /* SceneDelegate.swift */,
				6A81AEF9273368D500A4B673 /* SettingViewController.swift */,
				6A81AEA4273051D000A4B673 /* AddViewController.swift */,
				6A81AE8227302A5600A4B673 /* HomeViewController.swift */,
				6A81AE9227303DE300A4B673 /* SearchViewController.swift */,
				6A81AEB32730BB9600A4B673 /* SearchTableViewCell.swift */,
				6A81AE8727302A5700A4B673 /* Assets.xcassets */,
				6A81AE8927302A5700A4B673 /* LaunchScreen.storyboard */,
				6A81AE8C27302A5700A4B673 /* Info.plist */,
			);
			path = 06Week_Study;
			sourceTree = "<group>";
		};
		6A81AE942730410C00A4B673 /* Localization */ = {
			isa = PBXGroup;
			children = (
				6A81AE9B2730414D00A4B673 /* Localizable.strings */,
				6A81AE9F273041DA00A4B673 /* LocalizableStrings.swift */,
			);
			path = Localization;
			sourceTree = "<group>";
		};
		6A81AEA1273042CA00A4B673 /* Extension */ = {
			isa = PBXGroup;
			children = (
				6A81AEA2273042D900A4B673 /* String+Extension.swift */,
			);
			path = Extension;
			sourceTree = "<group>";
		};
		6A81AEA6273053DD00A4B673 /* Storyboard */ = {
			isa = PBXGroup;
			children = (
				6A81AEAB2730541100A4B673 /* Home.storyboard */,
				6A81AEA92730540300A4B673 /* Content.storyboard */,
				6A81AEAD2730541800A4B673 /* Calendar.storyboard */,
				6A81AEAF2730541E00A4B673 /* Search.storyboard */,
				6A81AEB12730542400A4B673 /* Setting.storyboard */,
			);
			path = Storyboard;
			sourceTree = "<group>";
		};
		6A81AEBA2730C95600A4B673 /* Realm */ = {
			isa = PBXGroup;
			children = (
				6A81AEBB2730C97500A4B673 /* RealmModel.swift */,
			);
			path = Realm;
			sourceTree = "<group>";
		};
/* End PBXGroup section */

/* Begin PBXNativeTarget section */
		6A81AE7A27302A5500A4B673 /* 06Week_Study */ = {
			isa = PBXNativeTarget;
			buildConfigurationList = 6A81AE8F27302A5700A4B673 /* Build configuration list for PBXNativeTarget "06Week_Study" */;
			buildPhases = (
				6A81AE7727302A5500A4B673 /* Sources */,
				6A81AE7827302A5500A4B673 /* Frameworks */,
				6A81AE7927302A5500A4B673 /* Resources */,
			);
			buildRules = (
			);
			dependencies = (
			);
			name = 06Week_Study;
			packageProductDependencies = (
				6A81AEB62730C8D900A4B673 /* Realm */,
				6A81AEB82730C8D900A4B673 /* RealmSwift */,
				6A81AEFC27336DB800A4B673 /* Zip */,
				6A81AEFF2734AD8200A4B673 /* FSCalendar */,
			);
			productName = 06Week_Study;
			productReference = 6A81AE7B27302A5600A4B673 /* 06Week_Study.app */;
			productType = "com.apple.product-type.application";
		};
/* End PBXNativeTarget section */

/* Begin PBXProject section */
		6A81AE7327302A5500A4B673 /* Project object */ = {
			isa = PBXProject;
			attributes = {
				BuildIndependentTargetsInParallel = 1;
				LastSwiftUpdateCheck = 1300;
				LastUpgradeCheck = 1300;
				TargetAttributes = {
					6A81AE7A27302A5500A4B673 = {
						CreatedOnToolsVersion = 13.0;
					};
				};
			};
			buildConfigurationList = 6A81AE7627302A5500A4B673 /* Build configuration list for PBXProject "06Week_Study" */;
			compatibilityVersion = "Xcode 13.0";
			developmentRegion = en;
			hasScannedForEncodings = 0;
			knownRegions = (
				en,
				Base,
				ko,
			);
			mainGroup = 6A81AE7227302A5500A4B673;
			packageReferences = (
				6A81AEB52730C8D900A4B673 /* XCRemoteSwiftPackageReference "realm-cocoa" */,
				6A81AEFB27336DB800A4B673 /* XCRemoteSwiftPackageReference "Zip" */,
				6A81AEFE2734AD8200A4B673 /* XCRemoteSwiftPackageReference "FSCalendar" */,
			);
			productRefGroup = 6A81AE7C27302A5600A4B673 /* Products */;
			projectDirPath = "";
			projectRoot = "";
			targets = (
				6A81AE7A27302A5500A4B673 /* 06Week_Study */,
			);
		};
/* End PBXProject section */

/* Begin PBXResourcesBuildPhase section */
		6A81AE7927302A5500A4B673 /* Resources */ = {
			isa = PBXResourcesBuildPhase;
			buildActionMask = 2147483647;
			files = (
				6A81AE8B27302A5700A4B673 /* LaunchScreen.storyboard in Resources */,
				6A81AE992730414D00A4B673 /* Localizable.strings in Resources */,
				6A81AE8827302A5700A4B673 /* Assets.xcassets in Resources */,
				6A81AEAC2730541100A4B673 /* Home.storyboard in Resources */,
				6A81AE8627302A5600A4B673 /* Main.storyboard in Resources */,
				6A81AEB22730542400A4B673 /* Setting.storyboard in Resources */,
				6A81AEAA2730540300A4B673 /* Content.storyboard in Resources */,
				6A81AEB02730541E00A4B673 /* Search.storyboard in Resources */,
				6A81AEAE2730541800A4B673 /* Calendar.storyboard in Resources */,
			);
			runOnlyForDeploymentPostprocessing = 0;
		};
/* End PBXResourcesBuildPhase section */

/* Begin PBXSourcesBuildPhase section */
		6A81AE7727302A5500A4B673 /* Sources */ = {
			isa = PBXSourcesBuildPhase;
			buildActionMask = 2147483647;
			files = (
				6A81AE8327302A5600A4B673 /* HomeViewController.swift in Sources */,
				6A81AE7F27302A5600A4B673 /* AppDelegate.swift in Sources */,
				6A81AEA0273041DA00A4B673 /* LocalizableStrings.swift in Sources */,
				6A81AE9327303DE300A4B673 /* SearchViewController.swift in Sources */,
				6A81AEBC2730C97500A4B673 /* RealmModel.swift in Sources */,
				6A81AEFA273368D500A4B673 /* SettingViewController.swift in Sources */,
				6A81AEA3273042D900A4B673 /* String+Extension.swift in Sources */,
				6A81AEB42730BB9600A4B673 /* SearchTableViewCell.swift in Sources */,
				6A81AEA5273051D000A4B673 /* AddViewController.swift in Sources */,
				6A81AE8127302A5600A4B673 /* SceneDelegate.swift in Sources */,
			);
			runOnlyForDeploymentPostprocessing = 0;
		};
/* End PBXSourcesBuildPhase section */

/* Begin PBXVariantGroup section */
		6A81AE8427302A5600A4B673 /* Main.storyboard */ = {
			isa = PBXVariantGroup;
			children = (
				6A81AE8527302A5600A4B673 /* Base */,
				6A81AE9C273041AC00A4B673 /* ko */,
			);
			name = Main.storyboard;
			sourceTree = "<group>";
		};
		6A81AE8927302A5700A4B673 /* LaunchScreen.storyboard */ = {
			isa = PBXVariantGroup;
			children = (
				6A81AE8A27302A5700A4B673 /* Base */,
				6A81AE9D273041AC00A4B673 /* ko */,
			);
			name = LaunchScreen.storyboard;
			sourceTree = "<group>";
		};
		6A81AE9B2730414D00A4B673 /* Localizable.strings */ = {
			isa = PBXVariantGroup;
			children = (
				6A81AE9A2730414D00A4B673 /* en */,
				6A81AE9E273041AC00A4B673 /* ko */,
			);
			name = Localizable.strings;
			sourceTree = "<group>";
		};
/* End PBXVariantGroup section */

/* Begin XCBuildConfiguration section */
		6A81AE8D27302A5700A4B673 /* Debug */ = {
			isa = XCBuildConfiguration;
			buildSettings = {
				ALWAYS_SEARCH_USER_PATHS = NO;
				CLANG_ANALYZER_LOCALIZABILITY_NONLOCALIZED = YES;
				CLANG_ANALYZER_NONNULL = YES;
				CLANG_ANALYZER_NUMBER_OBJECT_CONVERSION = YES_AGGRESSIVE;
				CLANG_CXX_LANGUAGE_STANDARD = "gnu++17";
				CLANG_CXX_LIBRARY = "libc++";
				CLANG_ENABLE_MODULES = YES;
				CLANG_ENABLE_OBJC_ARC = YES;
				CLANG_ENABLE_OBJC_WEAK = YES;
				CLANG_WARN_BLOCK_CAPTURE_AUTORELEASING = YES;
				CLANG_WARN_BOOL_CONVERSION = YES;
				CLANG_WARN_COMMA = YES;
				CLANG_WARN_CONSTANT_CONVERSION = YES;
				CLANG_WARN_DEPRECATED_OBJC_IMPLEMENTATIONS = YES;
				CLANG_WARN_DIRECT_OBJC_ISA_USAGE = YES_ERROR;
				CLANG_WARN_DOCUMENTATION_COMMENTS = YES;
				CLANG_WARN_EMPTY_BODY = YES;
				CLANG_WARN_ENUM_CONVERSION = YES;
				CLANG_WARN_INFINITE_RECURSION = YES;
				CLANG_WARN_INT_CONVERSION = YES;
				CLANG_WARN_NON_LITERAL_NULL_CONVERSION = YES;
				CLANG_WARN_OBJC_IMPLICIT_RETAIN_SELF = YES;
				CLANG_WARN_OBJC_LITERAL_CONVERSION = YES;
				CLANG_WARN_OBJC_ROOT_CLASS = YES_ERROR;
				CLANG_WARN_QUOTED_INCLUDE_IN_FRAMEWORK_HEADER = YES;
				CLANG_WARN_RANGE_LOOP_ANALYSIS = YES;
				CLANG_WARN_STRICT_PROTOTYPES = YES;
				CLANG_WARN_SUSPICIOUS_MOVE = YES;
				CLANG_WARN_UNGUARDED_AVAILABILITY = YES_AGGRESSIVE;
				CLANG_WARN_UNREACHABLE_CODE = YES;
				CLANG_WARN__DUPLICATE_METHOD_MATCH = YES;
				COPY_PHASE_STRIP = NO;
				DEBUG_INFORMATION_FORMAT = dwarf;
				ENABLE_STRICT_OBJC_MSGSEND = YES;
				ENABLE_TESTABILITY = YES;
				GCC_C_LANGUAGE_STANDARD = gnu11;
				GCC_DYNAMIC_NO_PIC = NO;
				GCC_NO_COMMON_BLOCKS = YES;
				GCC_OPTIMIZATION_LEVEL = 0;
				GCC_PREPROCESSOR_DEFINITIONS = (
					"DEBUG=1",
					"$(inherited)",
				);
				GCC_WARN_64_TO_32_BIT_CONVERSION = YES;
				GCC_WARN_ABOUT_RETURN_TYPE = YES_ERROR;
				GCC_WARN_UNDECLARED_SELECTOR = YES;
				GCC_WARN_UNINITIALIZED_AUTOS = YES_AGGRESSIVE;
				GCC_WARN_UNUSED_FUNCTION = YES;
				GCC_WARN_UNUSED_VARIABLE = YES;
				IPHONEOS_DEPLOYMENT_TARGET = 15.0;
				MTL_ENABLE_DEBUG_INFO = INCLUDE_SOURCE;
				MTL_FAST_MATH = YES;
				ONLY_ACTIVE_ARCH = YES;
				SDKROOT = iphoneos;
				SWIFT_ACTIVE_COMPILATION_CONDITIONS = DEBUG;
				SWIFT_OPTIMIZATION_LEVEL = "-Onone";
			};
			name = Debug;
		};
		6A81AE8E27302A5700A4B673 /* Release */ = {
			isa = XCBuildConfiguration;
			buildSettings = {
				ALWAYS_SEARCH_USER_PATHS = NO;
				CLANG_ANALYZER_LOCALIZABILITY_NONLOCALIZED = YES;
				CLANG_ANALYZER_NONNULL = YES;
				CLANG_ANALYZER_NUMBER_OBJECT_CONVERSION = YES_AGGRESSIVE;
				CLANG_CXX_LANGUAGE_STANDARD = "gnu++17";
				CLANG_CXX_LIBRARY = "libc++";
				CLANG_ENABLE_MODULES = YES;
				CLANG_ENABLE_OBJC_ARC = YES;
				CLANG_ENABLE_OBJC_WEAK = YES;
				CLANG_WARN_BLOCK_CAPTURE_AUTORELEASING = YES;
				CLANG_WARN_BOOL_CONVERSION = YES;
				CLANG_WARN_COMMA = YES;
				CLANG_WARN_CONSTANT_CONVERSION = YES;
				CLANG_WARN_DEPRECATED_OBJC_IMPLEMENTATIONS = YES;
				CLANG_WARN_DIRECT_OBJC_ISA_USAGE = YES_ERROR;
				CLANG_WARN_DOCUMENTATION_COMMENTS = YES;
				CLANG_WARN_EMPTY_BODY = YES;
				CLANG_WARN_ENUM_CONVERSION = YES;
				CLANG_WARN_INFINITE_RECURSION = YES;
				CLANG_WARN_INT_CONVERSION = YES;
				CLANG_WARN_NON_LITERAL_NULL_CONVERSION = YES;
				CLANG_WARN_OBJC_IMPLICIT_RETAIN_SELF = YES;
				CLANG_WARN_OBJC_LITERAL_CONVERSION = YES;
				CLANG_WARN_OBJC_ROOT_CLASS = YES_ERROR;
				CLANG_WARN_QUOTED_INCLUDE_IN_FRAMEWORK_HEADER = YES;
				CLANG_WARN_RANGE_LOOP_ANALYSIS = YES;
				CLANG_WARN_STRICT_PROTOTYPES = YES;
				CLANG_WARN_SUSPICIOUS_MOVE = YES;
				CLANG_WARN_UNGUARDED_AVAILABILITY = YES_AGGRESSIVE;
				CLANG_WARN_UNREACHABLE_CODE = YES;
				CLANG_WARN__DUPLICATE_METHOD_MATCH = YES;
				COPY_PHASE_STRIP = NO;
				DEBUG_INFORMATION_FORMAT = "dwarf-with-dsym";
				ENABLE_NS_ASSERTIONS = NO;
				ENABLE_STRICT_OBJC_MSGSEND = YES;
				GCC_C_LANGUAGE_STANDARD = gnu11;
				GCC_NO_COMMON_BLOCKS = YES;
				GCC_WARN_64_TO_32_BIT_CONVERSION = YES;
				GCC_WARN_ABOUT_RETURN_TYPE = YES_ERROR;
				GCC_WARN_UNDECLARED_SELECTOR = YES;
				GCC_WARN_UNINITIALIZED_AUTOS = YES_AGGRESSIVE;
				GCC_WARN_UNUSED_FUNCTION = YES;
				GCC_WARN_UNUSED_VARIABLE = YES;
				IPHONEOS_DEPLOYMENT_TARGET = 15.0;
				MTL_ENABLE_DEBUG_INFO = NO;
				MTL_FAST_MATH = YES;
				SDKROOT = iphoneos;
				SWIFT_COMPILATION_MODE = wholemodule;
				SWIFT_OPTIMIZATION_LEVEL = "-O";
				VALIDATE_PRODUCT = YES;
			};
			name = Release;
		};
		6A81AE9027302A5700A4B673 /* Debug */ = {
			isa = XCBuildConfiguration;
			buildSettings = {
				ASSETCATALOG_COMPILER_APPICON_NAME = AppIcon;
				ASSETCATALOG_COMPILER_GLOBAL_ACCENT_COLOR_NAME = AccentColor;
				CODE_SIGN_STYLE = Automatic;
				CURRENT_PROJECT_VERSION = 1;
				DEVELOPMENT_TEAM = PY3HK5UPTR;
				GENERATE_INFOPLIST_FILE = YES;
				INFOPLIST_FILE = 06Week_Study/Info.plist;
				INFOPLIST_KEY_UIApplicationSupportsIndirectInputEvents = YES;
				INFOPLIST_KEY_UILaunchStoryboardName = LaunchScreen;
				INFOPLIST_KEY_UIMainStoryboardFile = Main;
				INFOPLIST_KEY_UISupportedInterfaceOrientations_iPad = "UIInterfaceOrientationPortrait UIInterfaceOrientationPortraitUpsideDown UIInterfaceOrientationLandscapeLeft UIInterfaceOrientationLandscapeRight";
				INFOPLIST_KEY_UISupportedInterfaceOrientations_iPhone = "UIInterfaceOrientationPortrait UIInterfaceOrientationLandscapeLeft UIInterfaceOrientationLandscapeRight";
				LD_RUNPATH_SEARCH_PATHS = (
					"$(inherited)",
					"@executable_path/Frameworks",
				);
				MARKETING_VERSION = 1.0;
				PRODUCT_BUNDLE_IDENTIFIER = "com.ethan.-6Week-Study";
				PRODUCT_NAME = "$(TARGET_NAME)";
				SWIFT_EMIT_LOC_STRINGS = YES;
				SWIFT_VERSION = 5.0;
				TARGETED_DEVICE_FAMILY = "1,2";
			};
			name = Debug;
		};
		6A81AE9127302A5700A4B673 /* Release */ = {
			isa = XCBuildConfiguration;
			buildSettings = {
				ASSETCATALOG_COMPILER_APPICON_NAME = AppIcon;
				ASSETCATALOG_COMPILER_GLOBAL_ACCENT_COLOR_NAME = AccentColor;
				CODE_SIGN_STYLE = Automatic;
				CURRENT_PROJECT_VERSION = 1;
				DEVELOPMENT_TEAM = PY3HK5UPTR;
				GENERATE_INFOPLIST_FILE = YES;
				INFOPLIST_FILE = 06Week_Study/Info.plist;
				INFOPLIST_KEY_UIApplicationSupportsIndirectInputEvents = YES;
				INFOPLIST_KEY_UILaunchStoryboardName = LaunchScreen;
				INFOPLIST_KEY_UIMainStoryboardFile = Main;
				INFOPLIST_KEY_UISupportedInterfaceOrientations_iPad = "UIInterfaceOrientationPortrait UIInterfaceOrientationPortraitUpsideDown UIInterfaceOrientationLandscapeLeft UIInterfaceOrientationLandscapeRight";
				INFOPLIST_KEY_UISupportedInterfaceOrientations_iPhone = "UIInterfaceOrientationPortrait UIInterfaceOrientationLandscapeLeft UIInterfaceOrientationLandscapeRight";
				LD_RUNPATH_SEARCH_PATHS = (
					"$(inherited)",
					"@executable_path/Frameworks",
				);
				MARKETING_VERSION = 1.0;
				PRODUCT_BUNDLE_IDENTIFIER = "com.ethan.-6Week-Study";
				PRODUCT_NAME = "$(TARGET_NAME)";
				SWIFT_EMIT_LOC_STRINGS = YES;
				SWIFT_VERSION = 5.0;
				TARGETED_DEVICE_FAMILY = "1,2";
			};
			name = Release;
		};
/* End XCBuildConfiguration section */

/* Begin XCConfigurationList section */
		6A81AE7627302A5500A4B673 /* Build configuration list for PBXProject "06Week_Study" */ = {
			isa = XCConfigurationList;
			buildConfigurations = (
				6A81AE8D27302A5700A4B673 /* Debug */,
				6A81AE8E27302A5700A4B673 /* Release */,
			);
			defaultConfigurationIsVisible = 0;
			defaultConfigurationName = Release;
		};
		6A81AE8F27302A5700A4B673 /* Build configuration list for PBXNativeTarget "06Week_Study" */ = {
			isa = XCConfigurationList;
			buildConfigurations = (
				6A81AE9027302A5700A4B673 /* Debug */,
				6A81AE9127302A5700A4B673 /* Release */,
			);
			defaultConfigurationIsVisible = 0;
			defaultConfigurationName = Release;
		};
/* End XCConfigurationList section */

/* Begin XCRemoteSwiftPackageReference section */
		6A81AEB52730C8D900A4B673 /* XCRemoteSwiftPackageReference "realm-cocoa" */ = {
			isa = XCRemoteSwiftPackageReference;
			repositoryURL = "https://github.com/realm/realm-cocoa.git";
			requirement = {
				kind = exactVersion;
				version = 10.18.0;
			};
		};
		6A81AEFB27336DB800A4B673 /* XCRemoteSwiftPackageReference "Zip" */ = {
			isa = XCRemoteSwiftPackageReference;
			repositoryURL = "https://github.com/marmelroy/Zip.git";
			requirement = {
				kind = upToNextMajorVersion;
				minimumVersion = 2.0.0;
			};
		};
		6A81AEFE2734AD8200A4B673 /* XCRemoteSwiftPackageReference "FSCalendar" */ = {
			isa = XCRemoteSwiftPackageReference;
			repositoryURL = "https://github.com/WenchaoD/FSCalendar.git";
			requirement = {
				kind = upToNextMajorVersion;
				minimumVersion = 2.0.0;
			};
		};
/* End XCRemoteSwiftPackageReference section */

/* Begin XCSwiftPackageProductDependency section */
		6A81AEB62730C8D900A4B673 /* Realm */ = {
			isa = XCSwiftPackageProductDependency;
			package = 6A81AEB52730C8D900A4B673 /* XCRemoteSwiftPackageReference "realm-cocoa" */;
			productName = Realm;
		};
		6A81AEB82730C8D900A4B673 /* RealmSwift */ = {
			isa = XCSwiftPackageProductDependency;
			package = 6A81AEB52730C8D900A4B673 /* XCRemoteSwiftPackageReference "realm-cocoa" */;
			productName = RealmSwift;
		};
		6A81AEFC27336DB800A4B673 /* Zip */ = {
			isa = XCSwiftPackageProductDependency;
			package = 6A81AEFB27336DB800A4B673 /* XCRemoteSwiftPackageReference "Zip" */;
			productName = Zip;
		};
		6A81AEFF2734AD8200A4B673 /* FSCalendar */ = {
			isa = XCSwiftPackageProductDependency;
			package = 6A81AEFE2734AD8200A4B673 /* XCRemoteSwiftPackageReference "FSCalendar" */;
			productName = FSCalendar;
		};
/* End XCSwiftPackageProductDependency section */
	};
	rootObject = 6A81AE7327302A5500A4B673 /* Project object */;
}
