// !$*UTF8*$!
{
	archiveVersion = 1;
	classes = {
	};
	objectVersion = 55;
	objects = {

/* Begin PBXBuildFile section */
		6A9F6F18276A311200D5D521 /* AppDelegate.swift in Sources */ = {isa = PBXBuildFile; fileRef = 6A9F6F17276A311200D5D521 /* AppDelegate.swift */; };
		6A9F6F1A276A311200D5D521 /* SceneDelegate.swift in Sources */ = {isa = PBXBuildFile; fileRef = 6A9F6F19276A311200D5D521 /* SceneDelegate.swift */; };
		6A9F6F21276A311300D5D521 /* Assets.xcassets in Resources */ = {isa = PBXBuildFile; fileRef = 6A9F6F20276A311300D5D521 /* Assets.xcassets */; };
		6A9F6F24276A311300D5D521 /* LaunchScreen.storyboard in Resources */ = {isa = PBXBuildFile; fileRef = 6A9F6F22276A311300D5D521 /* LaunchScreen.storyboard */; };
		6A9F6F2C276A32DD00D5D521 /* MelonViewController.swift in Sources */ = {isa = PBXBuildFile; fileRef = 6A9F6F2B276A32DD00D5D521 /* MelonViewController.swift */; };
		6A9F6F2E276A32E700D5D521 /* KakaotalkProfileViewController.swift in Sources */ = {isa = PBXBuildFile; fileRef = 6A9F6F2D276A32E700D5D521 /* KakaotalkProfileViewController.swift */; };
		6A9F6F30276A32F000D5D521 /* BaeminViewController.swift in Sources */ = {isa = PBXBuildFile; fileRef = 6A9F6F2F276A32F000D5D521 /* BaeminViewController.swift */; };
/* End PBXBuildFile section */

/* Begin PBXFileReference section */
		6A9F6F14276A311200D5D521 /* LayoutPracticeApp.app */ = {isa = PBXFileReference; explicitFileType = wrapper.application; includeInIndex = 0; path = LayoutPracticeApp.app; sourceTree = BUILT_PRODUCTS_DIR; };
		6A9F6F17276A311200D5D521 /* AppDelegate.swift */ = {isa = PBXFileReference; lastKnownFileType = sourcecode.swift; path = AppDelegate.swift; sourceTree = "<group>"; };
		6A9F6F19276A311200D5D521 /* SceneDelegate.swift */ = {isa = PBXFileReference; lastKnownFileType = sourcecode.swift; path = SceneDelegate.swift; sourceTree = "<group>"; };
		6A9F6F20276A311300D5D521 /* Assets.xcassets */ = {isa = PBXFileReference; lastKnownFileType = folder.assetcatalog; path = Assets.xcassets; sourceTree = "<group>"; };
		6A9F6F23276A311300D5D521 /* Base */ = {isa = PBXFileReference; lastKnownFileType = file.storyboard; name = Base; path = Base.lproj/LaunchScreen.storyboard; sourceTree = "<group>"; };
		6A9F6F25276A311300D5D521 /* Info.plist */ = {isa = PBXFileReference; lastKnownFileType = text.plist.xml; path = Info.plist; sourceTree = "<group>"; };
		6A9F6F2B276A32DD00D5D521 /* MelonViewController.swift */ = {isa = PBXFileReference; lastKnownFileType = sourcecode.swift; path = MelonViewController.swift; sourceTree = "<group>"; };
		6A9F6F2D276A32E700D5D521 /* KakaotalkProfileViewController.swift */ = {isa = PBXFileReference; lastKnownFileType = sourcecode.swift; path = KakaotalkProfileViewController.swift; sourceTree = "<group>"; };
		6A9F6F2F276A32F000D5D521 /* BaeminViewController.swift */ = {isa = PBXFileReference; lastKnownFileType = sourcecode.swift; path = BaeminViewController.swift; sourceTree = "<group>"; };
/* End PBXFileReference section */

/* Begin PBXFrameworksBuildPhase section */
		6A9F6F11276A311200D5D521 /* Frameworks */ = {
			isa = PBXFrameworksBuildPhase;
			buildActionMask = 2147483647;
			files = (
			);
			runOnlyForDeploymentPostprocessing = 0;
		};
/* End PBXFrameworksBuildPhase section */

/* Begin PBXGroup section */
		6A9F6F0B276A311200D5D521 = {
			isa = PBXGroup;
			children = (
				6A9F6F16276A311200D5D521 /* LayoutPracticeApp */,
				6A9F6F15276A311200D5D521 /* Products */,
			);
			sourceTree = "<group>";
		};
		6A9F6F15276A311200D5D521 /* Products */ = {
			isa = PBXGroup;
			children = (
				6A9F6F14276A311200D5D521 /* LayoutPracticeApp.app */,
			);
			name = Products;
			sourceTree = "<group>";
		};
		6A9F6F16276A311200D5D521 /* LayoutPracticeApp */ = {
			isa = PBXGroup;
			children = (
				6A9F6F17276A311200D5D521 /* AppDelegate.swift */,
				6A9F6F19276A311200D5D521 /* SceneDelegate.swift */,
				6A9F6F2B276A32DD00D5D521 /* MelonViewController.swift */,
				6A9F6F2D276A32E700D5D521 /* KakaotalkProfileViewController.swift */,
				6A9F6F2F276A32F000D5D521 /* BaeminViewController.swift */,
				6A9F6F20276A311300D5D521 /* Assets.xcassets */,
				6A9F6F22276A311300D5D521 /* LaunchScreen.storyboard */,
				6A9F6F25276A311300D5D521 /* Info.plist */,
			);
			path = LayoutPracticeApp;
			sourceTree = "<group>";
		};
/* End PBXGroup section */

/* Begin PBXNativeTarget section */
		6A9F6F13276A311200D5D521 /* LayoutPracticeApp */ = {
			isa = PBXNativeTarget;
			buildConfigurationList = 6A9F6F28276A311300D5D521 /* Build configuration list for PBXNativeTarget "LayoutPracticeApp" */;
			buildPhases = (
				6A9F6F10276A311200D5D521 /* Sources */,
				6A9F6F11276A311200D5D521 /* Frameworks */,
				6A9F6F12276A311200D5D521 /* Resources */,
			);
			buildRules = (
			);
			dependencies = (
			);
			name = LayoutPracticeApp;
			productName = LayoutPracticeApp;
			productReference = 6A9F6F14276A311200D5D521 /* LayoutPracticeApp.app */;
			productType = "com.apple.product-type.application";
		};
/* End PBXNativeTarget section */

/* Begin PBXProject section */
		6A9F6F0C276A311200D5D521 /* Project object */ = {
			isa = PBXProject;
			attributes = {
				BuildIndependentTargetsInParallel = 1;
				LastSwiftUpdateCheck = 1300;
				LastUpgradeCheck = 1300;
				TargetAttributes = {
					6A9F6F13276A311200D5D521 = {
						CreatedOnToolsVersion = 13.0;
					};
				};
			};
			buildConfigurationList = 6A9F6F0F276A311200D5D521 /* Build configuration list for PBXProject "LayoutPracticeApp" */;
			compatibilityVersion = "Xcode 13.0";
			developmentRegion = en;
			hasScannedForEncodings = 0;
			knownRegions = (
				en,
				Base,
			);
			mainGroup = 6A9F6F0B276A311200D5D521;
			productRefGroup = 6A9F6F15276A311200D5D521 /* Products */;
			projectDirPath = "";
			projectRoot = "";
			targets = (
				6A9F6F13276A311200D5D521 /* LayoutPracticeApp */,
			);
		};
/* End PBXProject section */

/* Begin PBXResourcesBuildPhase section */
		6A9F6F12276A311200D5D521 /* Resources */ = {
			isa = PBXResourcesBuildPhase;
			buildActionMask = 2147483647;
			files = (
				6A9F6F24276A311300D5D521 /* LaunchScreen.storyboard in Resources */,
				6A9F6F21276A311300D5D521 /* Assets.xcassets in Resources */,
			);
			runOnlyForDeploymentPostprocessing = 0;
		};
/* End PBXResourcesBuildPhase section */

/* Begin PBXSourcesBuildPhase section */
		6A9F6F10276A311200D5D521 /* Sources */ = {
			isa = PBXSourcesBuildPhase;
			buildActionMask = 2147483647;
			files = (
				6A9F6F18276A311200D5D521 /* AppDelegate.swift in Sources */,
				6A9F6F2E276A32E700D5D521 /* KakaotalkProfileViewController.swift in Sources */,
				6A9F6F2C276A32DD00D5D521 /* MelonViewController.swift in Sources */,
				6A9F6F30276A32F000D5D521 /* BaeminViewController.swift in Sources */,
				6A9F6F1A276A311200D5D521 /* SceneDelegate.swift in Sources */,
			);
			runOnlyForDeploymentPostprocessing = 0;
		};
/* End PBXSourcesBuildPhase section */

/* Begin PBXVariantGroup section */
		6A9F6F22276A311300D5D521 /* LaunchScreen.storyboard */ = {
			isa = PBXVariantGroup;
			children = (
				6A9F6F23276A311300D5D521 /* Base */,
			);
			name = LaunchScreen.storyboard;
			sourceTree = "<group>";
		};
/* End PBXVariantGroup section */

/* Begin XCBuildConfiguration section */
		6A9F6F26276A311300D5D521 /* Debug */ = {
			isa = XCBuildConfiguration;
			buildSettings = {
				ALWAYS_SEARCH_USER_PATHS = NO;
				CLANG_ANALYZER_NONNULL = YES;
				CLANG_ANALYZER_NUMBER_OBJECT_CONVERSION = YES_AGGRESSIVE;
				CLANG_CXX_LANGUAGE_STANDARD = "gnu++17";
				CLANG_CXX_LIBRARY = "libc++";
				CLANG_ENABLE_MODULES = YES;
				CLANG_ENABLE_OBJC_ARC = YES;
				CLANG_ENABLE_OBJC_WEAK = YES;
				CLANG_WARN_BLOCK_CAPTURE_AUTORELEASING = YES;
				CLANG_WARN_BOOL_CONVERSION = YES;
				CLANG_WARN_COMMA = YES;
				CLANG_WARN_CONSTANT_CONVERSION = YES;
				CLANG_WARN_DEPRECATED_OBJC_IMPLEMENTATIONS = YES;
				CLANG_WARN_DIRECT_OBJC_ISA_USAGE = YES_ERROR;
				CLANG_WARN_DOCUMENTATION_COMMENTS = YES;
				CLANG_WARN_EMPTY_BODY = YES;
				CLANG_WARN_ENUM_CONVERSION = YES;
				CLANG_WARN_INFINITE_RECURSION = YES;
				CLANG_WARN_INT_CONVERSION = YES;
				CLANG_WARN_NON_LITERAL_NULL_CONVERSION = YES;
				CLANG_WARN_OBJC_IMPLICIT_RETAIN_SELF = YES;
				CLANG_WARN_OBJC_LITERAL_CONVERSION = YES;
				CLANG_WARN_OBJC_ROOT_CLASS = YES_ERROR;
				CLANG_WARN_QUOTED_INCLUDE_IN_FRAMEWORK_HEADER = YES;
				CLANG_WARN_RANGE_LOOP_ANALYSIS = YES;
				CLANG_WARN_STRICT_PROTOTYPES = YES;
				CLANG_WARN_SUSPICIOUS_MOVE = YES;
				CLANG_WARN_UNGUARDED_AVAILABILITY = YES_AGGRESSIVE;
				CLANG_WARN_UNREACHABLE_CODE = YES;
				CLANG_WARN__DUPLICATE_METHOD_MATCH = YES;
				COPY_PHASE_STRIP = NO;
				DEBUG_INFORMATION_FORMAT = dwarf;
				ENABLE_STRICT_OBJC_MSGSEND = YES;
				ENABLE_TESTABILITY = YES;
				GCC_C_LANGUAGE_STANDARD = gnu11;
				GCC_DYNAMIC_NO_PIC = NO;
				GCC_NO_COMMON_BLOCKS = YES;
				GCC_OPTIMIZATION_LEVEL = 0;
				GCC_PREPROCESSOR_DEFINITIONS = (
					"DEBUG=1",
					"$(inherited)",
				);
				GCC_WARN_64_TO_32_BIT_CONVERSION = YES;
				GCC_WARN_ABOUT_RETURN_TYPE = YES_ERROR;
				GCC_WARN_UNDECLARED_SELECTOR = YES;
				GCC_WARN_UNINITIALIZED_AUTOS = YES_AGGRESSIVE;
				GCC_WARN_UNUSED_FUNCTION = YES;
				GCC_WARN_UNUSED_VARIABLE = YES;
				IPHONEOS_DEPLOYMENT_TARGET = 15.0;
				MTL_ENABLE_DEBUG_INFO = INCLUDE_SOURCE;
				MTL_FAST_MATH = YES;
				ONLY_ACTIVE_ARCH = YES;
				SDKROOT = iphoneos;
				SWIFT_ACTIVE_COMPILATION_CONDITIONS = DEBUG;
				SWIFT_OPTIMIZATION_LEVEL = "-Onone";
			};
			name = Debug;
		};
		6A9F6F27276A311300D5D521 /* Release */ = {
			isa = XCBuildConfiguration;
			buildSettings = {
				ALWAYS_SEARCH_USER_PATHS = NO;
				CLANG_ANALYZER_NONNULL = YES;
				CLANG_ANALYZER_NUMBER_OBJECT_CONVERSION = YES_AGGRESSIVE;
				CLANG_CXX_LANGUAGE_STANDARD = "gnu++17";
				CLANG_CXX_LIBRARY = "libc++";
				CLANG_ENABLE_MODULES = YES;
				CLANG_ENABLE_OBJC_ARC = YES;
				CLANG_ENABLE_OBJC_WEAK = YES;
				CLANG_WARN_BLOCK_CAPTURE_AUTORELEASING = YES;
				CLANG_WARN_BOOL_CONVERSION = YES;
				CLANG_WARN_COMMA = YES;
				CLANG_WARN_CONSTANT_CONVERSION = YES;
				CLANG_WARN_DEPRECATED_OBJC_IMPLEMENTATIONS = YES;
				CLANG_WARN_DIRECT_OBJC_ISA_USAGE = YES_ERROR;
				CLANG_WARN_DOCUMENTATION_COMMENTS = YES;
				CLANG_WARN_EMPTY_BODY = YES;
				CLANG_WARN_ENUM_CONVERSION = YES;
				CLANG_WARN_INFINITE_RECURSION = YES;
				CLANG_WARN_INT_CONVERSION = YES;
				CLANG_WARN_NON_LITERAL_NULL_CONVERSION = YES;
				CLANG_WARN_OBJC_IMPLICIT_RETAIN_SELF = YES;
				CLANG_WARN_OBJC_LITERAL_CONVERSION = YES;
				CLANG_WARN_OBJC_ROOT_CLASS = YES_ERROR;
				CLANG_WARN_QUOTED_INCLUDE_IN_FRAMEWORK_HEADER = YES;
				CLANG_WARN_RANGE_LOOP_ANALYSIS = YES;
				CLANG_WARN_STRICT_PROTOTYPES = YES;
				CLANG_WARN_SUSPICIOUS_MOVE = YES;
				CLANG_WARN_UNGUARDED_AVAILABILITY = YES_AGGRESSIVE;
				CLANG_WARN_UNREACHABLE_CODE = YES;
				CLANG_WARN__DUPLICATE_METHOD_MATCH = YES;
				COPY_PHASE_STRIP = NO;
				DEBUG_INFORMATION_FORMAT = "dwarf-with-dsym";
				ENABLE_NS_ASSERTIONS = NO;
				ENABLE_STRICT_OBJC_MSGSEND = YES;
				GCC_C_LANGUAGE_STANDARD = gnu11;
				GCC_NO_COMMON_BLOCKS = YES;
				GCC_WARN_64_TO_32_BIT_CONVERSION = YES;
				GCC_WARN_ABOUT_RETURN_TYPE = YES_ERROR;
				GCC_WARN_UNDECLARED_SELECTOR = YES;
				GCC_WARN_UNINITIALIZED_AUTOS = YES_AGGRESSIVE;
				GCC_WARN_UNUSED_FUNCTION = YES;
				GCC_WARN_UNUSED_VARIABLE = YES;
				IPHONEOS_DEPLOYMENT_TARGET = 15.0;
				MTL_ENABLE_DEBUG_INFO = NO;
				MTL_FAST_MATH = YES;
				SDKROOT = iphoneos;
				SWIFT_COMPILATION_MODE = wholemodule;
				SWIFT_OPTIMIZATION_LEVEL = "-O";
				VALIDATE_PRODUCT = YES;
			};
			name = Release;
		};
		6A9F6F29276A311300D5D521 /* Debug */ = {
			isa = XCBuildConfiguration;
			buildSettings = {
				ASSETCATALOG_COMPILER_APPICON_NAME = AppIcon;
				ASSETCATALOG_COMPILER_GLOBAL_ACCENT_COLOR_NAME = AccentColor;
				CODE_SIGN_STYLE = Automatic;
				CURRENT_PROJECT_VERSION = 1;
				DEVELOPMENT_TEAM = PY3HK5UPTR;
				GENERATE_INFOPLIST_FILE = YES;
				INFOPLIST_FILE = LayoutPracticeApp/Info.plist;
				INFOPLIST_KEY_UIApplicationSupportsIndirectInputEvents = YES;
				INFOPLIST_KEY_UILaunchStoryboardName = LaunchScreen;
				INFOPLIST_KEY_UIMainStoryboardFile = LaunchScreen;
				INFOPLIST_KEY_UISupportedInterfaceOrientations_iPad = "UIInterfaceOrientationPortrait UIInterfaceOrientationPortraitUpsideDown UIInterfaceOrientationLandscapeLeft UIInterfaceOrientationLandscapeRight";
				INFOPLIST_KEY_UISupportedInterfaceOrientations_iPhone = "UIInterfaceOrientationPortrait UIInterfaceOrientationLandscapeLeft UIInterfaceOrientationLandscapeRight";
				LD_RUNPATH_SEARCH_PATHS = (
					"$(inherited)",
					"@executable_path/Frameworks",
				);
				MARKETING_VERSION = 1.0;
				PRODUCT_BUNDLE_IDENTIFIER = com.ethan.LayoutPracticeApp;
				PRODUCT_NAME = "$(TARGET_NAME)";
				SWIFT_EMIT_LOC_STRINGS = YES;
				SWIFT_VERSION = 5.0;
				TARGETED_DEVICE_FAMILY = "1,2";
			};
			name = Debug;
		};
		6A9F6F2A276A311300D5D521 /* Release */ = {
			isa = XCBuildConfiguration;
			buildSettings = {
				ASSETCATALOG_COMPILER_APPICON_NAME = AppIcon;
				ASSETCATALOG_COMPILER_GLOBAL_ACCENT_COLOR_NAME = AccentColor;
				CODE_SIGN_STYLE = Automatic;
				CURRENT_PROJECT_VERSION = 1;
				DEVELOPMENT_TEAM = PY3HK5UPTR;
				GENERATE_INFOPLIST_FILE = YES;
				INFOPLIST_FILE = LayoutPracticeApp/Info.plist;
				INFOPLIST_KEY_UIApplicationSupportsIndirectInputEvents = YES;
				INFOPLIST_KEY_UILaunchStoryboardName = LaunchScreen;
				INFOPLIST_KEY_UIMainStoryboardFile = LaunchScreen;
				INFOPLIST_KEY_UISupportedInterfaceOrientations_iPad = "UIInterfaceOrientationPortrait UIInterfaceOrientationPortraitUpsideDown UIInterfaceOrientationLandscapeLeft UIInterfaceOrientationLandscapeRight";
				INFOPLIST_KEY_UISupportedInterfaceOrientations_iPhone = "UIInterfaceOrientationPortrait UIInterfaceOrientationLandscapeLeft UIInterfaceOrientationLandscapeRight";
				LD_RUNPATH_SEARCH_PATHS = (
					"$(inherited)",
					"@executable_path/Frameworks",
				);
				MARKETING_VERSION = 1.0;
				PRODUCT_BUNDLE_IDENTIFIER = com.ethan.LayoutPracticeApp;
				PRODUCT_NAME = "$(TARGET_NAME)";
				SWIFT_EMIT_LOC_STRINGS = YES;
				SWIFT_VERSION = 5.0;
				TARGETED_DEVICE_FAMILY = "1,2";
			};
			name = Release;
		};
/* End XCBuildConfiguration section */

/* Begin XCConfigurationList section */
		6A9F6F0F276A311200D5D521 /* Build configuration list for PBXProject "LayoutPracticeApp" */ = {
			isa = XCConfigurationList;
			buildConfigurations = (
				6A9F6F26276A311300D5D521 /* Debug */,
				6A9F6F27276A311300D5D521 /* Release */,
			);
			defaultConfigurationIsVisible = 0;
			defaultConfigurationName = Release;
		};
		6A9F6F28276A311300D5D521 /* Build configuration list for PBXNativeTarget "LayoutPracticeApp" */ = {
			isa = XCConfigurationList;
			buildConfigurations = (
				6A9F6F29276A311300D5D521 /* Debug */,
				6A9F6F2A276A311300D5D521 /* Release */,
			);
			defaultConfigurationIsVisible = 0;
			defaultConfigurationName = Release;
		};
/* End XCConfigurationList section */
	};
	rootObject = 6A9F6F0C276A311200D5D521 /* Project object */;
}
